// !$*UTF8*$!
{
	archiveVersion = 1;
	classes = {
	};
	objectVersion = 46;
	objects = {

/* Begin PBXBuildFile section */
		D0FB41F41B51ED51002F1D33 /* AppDelegate.swift in Sources */ = {isa = PBXBuildFile; fileRef = D0FB41F31B51ED51002F1D33 /* AppDelegate.swift */; };
		D0FB41F91B51ED51002F1D33 /* Main.storyboard in Resources */ = {isa = PBXBuildFile; fileRef = D0FB41F71B51ED51002F1D33 /* Main.storyboard */; };
		D0FB41FB1B51ED51002F1D33 /* Images.xcassets in Resources */ = {isa = PBXBuildFile; fileRef = D0FB41FA1B51ED51002F1D33 /* Images.xcassets */; };
		D0FB41FE1B51ED51002F1D33 /* LaunchScreen.xib in Resources */ = {isa = PBXBuildFile; fileRef = D0FB41FC1B51ED51002F1D33 /* LaunchScreen.xib */; };
		D0FB420A1B51ED51002F1D33 /* MM_viewTests.swift in Sources */ = {isa = PBXBuildFile; fileRef = D0FB42091B51ED51002F1D33 /* MM_viewTests.swift */; };
		D0FB42161B51EDF5002F1D33 /* 9927cd66jw1eicmq75a93j20xc18g460.jpg in Resources */ = {isa = PBXBuildFile; fileRef = D0FB42131B51EDF5002F1D33 /* 9927cd66jw1eicmq75a93j20xc18g460.jpg */; };
		D0FB42171B51EDF5002F1D33 /* 9927cd66jw1en4bqw6fuxj20xc18g13s.jpg in Resources */ = {isa = PBXBuildFile; fileRef = D0FB42141B51EDF5002F1D33 /* 9927cd66jw1en4bqw6fuxj20xc18g13s.jpg */; };
		D0FB42181B51EDF5002F1D33 /* 9927cd66jw1etr6ct7juyj20xe18g12u.jpg in Resources */ = {isa = PBXBuildFile; fileRef = D0FB42151B51EDF5002F1D33 /* 9927cd66jw1etr6ct7juyj20xe18g12u.jpg */; };
		D0FB421B1B51EE03002F1D33 /* 7269a4c5jw1eqmmn2xxm5j20dc0hs75z.jpg in Resources */ = {isa = PBXBuildFile; fileRef = D0FB42191B51EE03002F1D33 /* 7269a4c5jw1eqmmn2xxm5j20dc0hs75z.jpg */; };
		D0FB421C1B51EE03002F1D33 /* 7269a4c5jw1eqmmn7ge6kj20dc0hs76h.jpg in Resources */ = {isa = PBXBuildFile; fileRef = D0FB421A1B51EE03002F1D33 /* 7269a4c5jw1eqmmn7ge6kj20dc0hs76h.jpg */; };
/* End PBXBuildFile section */

/* Begin PBXContainerItemProxy section */
		D0FB42041B51ED51002F1D33 /* PBXContainerItemProxy */ = {
			isa = PBXContainerItemProxy;
			containerPortal = D0FB41E61B51ED51002F1D33 /* Project object */;
			proxyType = 1;
			remoteGlobalIDString = D0FB41ED1B51ED51002F1D33;
			remoteInfo = "MM view";
		};
/* End PBXContainerItemProxy section */

/* Begin PBXFileReference section */
		D0FB41EE1B51ED51002F1D33 /* MM view.app */ = {isa = PBXFileReference; explicitFileType = wrapper.application; includeInIndex = 0; path = "MM view.app"; sourceTree = BUILT_PRODUCTS_DIR; };
		D0FB41F21B51ED51002F1D33 /* Info.plist */ = {isa = PBXFileReference; lastKnownFileType = text.plist.xml; path = Info.plist; sourceTree = "<group>"; };
		D0FB41F31B51ED51002F1D33 /* AppDelegate.swift */ = {isa = PBXFileReference; lastKnownFileType = sourcecode.swift; path = AppDelegate.swift; sourceTree = "<group>"; };
		D0FB41F81B51ED51002F1D33 /* Base */ = {isa = PBXFileReference; lastKnownFileType = file.storyboard; name = Base; path = Base.lproj/Main.storyboard; sourceTree = "<group>"; };
		D0FB41FA1B51ED51002F1D33 /* Images.xcassets */ = {isa = PBXFileReference; lastKnownFileType = folder.assetcatalog; path = Images.xcassets; sourceTree = "<group>"; };
		D0FB41FD1B51ED51002F1D33 /* Base */ = {isa = PBXFileReference; lastKnownFileType = file.xib; name = Base; path = Base.lproj/LaunchScreen.xib; sourceTree = "<group>"; };
		D0FB42031B51ED51002F1D33 /* MM viewTests.xctest */ = {isa = PBXFileReference; explicitFileType = wrapper.cfbundle; includeInIndex = 0; path = "MM viewTests.xctest"; sourceTree = BUILT_PRODUCTS_DIR; };
		D0FB42081B51ED51002F1D33 /* Info.plist */ = {isa = PBXFileReference; lastKnownFileType = text.plist.xml; path = Info.plist; sourceTree = "<group>"; };
		D0FB42091B51ED51002F1D33 /* MM_viewTests.swift */ = {isa = PBXFileReference; lastKnownFileType = sourcecode.swift; path = MM_viewTests.swift; sourceTree = "<group>"; };
		D0FB42131B51EDF5002F1D33 /* 9927cd66jw1eicmq75a93j20xc18g460.jpg */ = {isa = PBXFileReference; lastKnownFileType = image.jpeg; name = 9927cd66jw1eicmq75a93j20xc18g460.jpg; path = ../9927cd66jw1eicmq75a93j20xc18g460.jpg; sourceTree = "<group>"; };
		D0FB42141B51EDF5002F1D33 /* 9927cd66jw1en4bqw6fuxj20xc18g13s.jpg */ = {isa = PBXFileReference; lastKnownFileType = image.jpeg; name = 9927cd66jw1en4bqw6fuxj20xc18g13s.jpg; path = ../9927cd66jw1en4bqw6fuxj20xc18g13s.jpg; sourceTree = "<group>"; };
		D0FB42151B51EDF5002F1D33 /* 9927cd66jw1etr6ct7juyj20xe18g12u.jpg */ = {isa = PBXFileReference; lastKnownFileType = image.jpeg; name = 9927cd66jw1etr6ct7juyj20xe18g12u.jpg; path = ../9927cd66jw1etr6ct7juyj20xe18g12u.jpg; sourceTree = "<group>"; };
		D0FB42191B51EE03002F1D33 /* 7269a4c5jw1eqmmn2xxm5j20dc0hs75z.jpg */ = {isa = PBXFileReference; lastKnownFileType = image.jpeg; name = 7269a4c5jw1eqmmn2xxm5j20dc0hs75z.jpg; path = ../7269a4c5jw1eqmmn2xxm5j20dc0hs75z.jpg; sourceTree = "<group>"; };
		D0FB421A1B51EE03002F1D33 /* 7269a4c5jw1eqmmn7ge6kj20dc0hs76h.jpg */ = {isa = PBXFileReference; lastKnownFileType = image.jpeg; name = 7269a4c5jw1eqmmn7ge6kj20dc0hs76h.jpg; path = ../7269a4c5jw1eqmmn7ge6kj20dc0hs76h.jpg; sourceTree = "<group>"; };
/* End PBXFileReference section */

/* Begin PBXFrameworksBuildPhase section */
		D0FB41EB1B51ED51002F1D33 /* Frameworks */ = {
			isa = PBXFrameworksBuildPhase;
			buildActionMask = 2147483647;
			files = (
			);
			runOnlyForDeploymentPostprocessing = 0;
		};
		D0FB42001B51ED51002F1D33 /* Frameworks */ = {
			isa = PBXFrameworksBuildPhase;
			buildActionMask = 2147483647;
			files = (
			);
			runOnlyForDeploymentPostprocessing = 0;
		};
/* End PBXFrameworksBuildPhase section */

/* Begin PBXGroup section */
		D0FB41E51B51ED51002F1D33 = {
			isa = PBXGroup;
			children = (
				D0FB41F01B51ED51002F1D33 /* MM view */,
				D0FB42061B51ED51002F1D33 /* MM viewTests */,
				D0FB41EF1B51ED51002F1D33 /* Products */,
			);
			sourceTree = "<group>";
		};
		D0FB41EF1B51ED51002F1D33 /* Products */ = {
			isa = PBXGroup;
			children = (
				D0FB41EE1B51ED51002F1D33 /* MM view.app */,
				D0FB42031B51ED51002F1D33 /* MM viewTests.xctest */,
			);
			name = Products;
			sourceTree = "<group>";
		};
		D0FB41F01B51ED51002F1D33 /* MM view */ = {
			isa = PBXGroup;
			children = (
				D0FB41F31B51ED51002F1D33 /* AppDelegate.swift */,
				D0FB41F71B51ED51002F1D33 /* Main.storyboard */,
				D0FB41FA1B51ED51002F1D33 /* Images.xcassets */,
				D0FB41FC1B51ED51002F1D33 /* LaunchScreen.xib */,
				D0FB41F11B51ED51002F1D33 /* Supporting Files */,
			);
			path = "MM view";
			sourceTree = "<group>";
		};
		D0FB41F11B51ED51002F1D33 /* Supporting Files */ = {
			isa = PBXGroup;
			children = (
				D0FB42131B51EDF5002F1D33 /* 9927cd66jw1eicmq75a93j20xc18g460.jpg */,
				D0FB42141B51EDF5002F1D33 /* 9927cd66jw1en4bqw6fuxj20xc18g13s.jpg */,
				D0FB42151B51EDF5002F1D33 /* 9927cd66jw1etr6ct7juyj20xe18g12u.jpg */,
				D0FB42191B51EE03002F1D33 /* 7269a4c5jw1eqmmn2xxm5j20dc0hs75z.jpg */,
				D0FB421A1B51EE03002F1D33 /* 7269a4c5jw1eqmmn7ge6kj20dc0hs76h.jpg */,
				D0FB41F21B51ED51002F1D33 /* Info.plist */,
			);
			name = "Supporting Files";
			sourceTree = "<group>";
		};
		D0FB42061B51ED51002F1D33 /* MM viewTests */ = {
			isa = PBXGroup;
			children = (
				D0FB42091B51ED51002F1D33 /* MM_viewTests.swift */,
				D0FB42071B51ED51002F1D33 /* Supporting Files */,
			);
			path = "MM viewTests";
			sourceTree = "<group>";
		};
		D0FB42071B51ED51002F1D33 /* Supporting Files */ = {
			isa = PBXGroup;
			children = (
				D0FB42081B51ED51002F1D33 /* Info.plist */,
			);
			name = "Supporting Files";
			sourceTree = "<group>";
		};
/* End PBXGroup section */

/* Begin PBXNativeTarget section */
		D0FB41ED1B51ED51002F1D33 /* MM view */ = {
			isa = PBXNativeTarget;
			buildConfigurationList = D0FB420D1B51ED51002F1D33 /* Build configuration list for PBXNativeTarget "MM view" */;
			buildPhases = (
				D0FB41EA1B51ED51002F1D33 /* Sources */,
				D0FB41EB1B51ED51002F1D33 /* Frameworks */,
				D0FB41EC1B51ED51002F1D33 /* Resources */,
			);
			buildRules = (
			);
			dependencies = (
			);
			name = "MM view";
			productName = "MM view";
			productReference = D0FB41EE1B51ED51002F1D33 /* MM view.app */;
			productType = "com.apple.product-type.application";
		};
		D0FB42021B51ED51002F1D33 /* MM viewTests */ = {
			isa = PBXNativeTarget;
			buildConfigurationList = D0FB42101B51ED51002F1D33 /* Build configuration list for PBXNativeTarget "MM viewTests" */;
			buildPhases = (
				D0FB41FF1B51ED51002F1D33 /* Sources */,
				D0FB42001B51ED51002F1D33 /* Frameworks */,
				D0FB42011B51ED51002F1D33 /* Resources */,
			);
			buildRules = (
			);
			dependencies = (
				D0FB42051B51ED51002F1D33 /* PBXTargetDependency */,
			);
			name = "MM viewTests";
			productName = "MM viewTests";
			productReference = D0FB42031B51ED51002F1D33 /* MM viewTests.xctest */;
			productType = "com.apple.product-type.bundle.unit-test";
		};
/* End PBXNativeTarget section */

/* Begin PBXProject section */
		D0FB41E61B51ED51002F1D33 /* Project object */ = {
			isa = PBXProject;
			attributes = {
				LastUpgradeCheck = 0630;
				ORGANIZATIONNAME = home;
				TargetAttributes = {
					D0FB41ED1B51ED51002F1D33 = {
						CreatedOnToolsVersion = 6.3.2;
					};
					D0FB42021B51ED51002F1D33 = {
						CreatedOnToolsVersion = 6.3.2;
						TestTargetID = D0FB41ED1B51ED51002F1D33;
					};
				};
			};
			buildConfigurationList = D0FB41E91B51ED51002F1D33 /* Build configuration list for PBXProject "MM view" */;
			compatibilityVersion = "Xcode 3.2";
			developmentRegion = English;
			hasScannedForEncodings = 0;
			knownRegions = (
				en,
				Base,
			);
			mainGroup = D0FB41E51B51ED51002F1D33;
			productRefGroup = D0FB41EF1B51ED51002F1D33 /* Products */;
			projectDirPath = "";
			projectRoot = "";
			targets = (
				D0FB41ED1B51ED51002F1D33 /* MM view */,
				D0FB42021B51ED51002F1D33 /* MM viewTests */,
			);
		};
/* End PBXProject section */

/* Begin PBXResourcesBuildPhase section */
		D0FB41EC1B51ED51002F1D33 /* Resources */ = {
			isa = PBXResourcesBuildPhase;
			buildActionMask = 2147483647;
			files = (
				D0FB42171B51EDF5002F1D33 /* 9927cd66jw1en4bqw6fuxj20xc18g13s.jpg in Resources */,
				D0FB42181B51EDF5002F1D33 /* 9927cd66jw1etr6ct7juyj20xe18g12u.jpg in Resources */,
				D0FB42161B51EDF5002F1D33 /* 9927cd66jw1eicmq75a93j20xc18g460.jpg in Resources */,
				D0FB421B1B51EE03002F1D33 /* 7269a4c5jw1eqmmn2xxm5j20dc0hs75z.jpg in Resources */,
				D0FB41F91B51ED51002F1D33 /* Main.storyboard in Resources */,
				D0FB41FE1B51ED51002F1D33 /* LaunchScreen.xib in Resources */,
				D0FB41FB1B51ED51002F1D33 /* Images.xcassets in Resources */,
				D0FB421C1B51EE03002F1D33 /* 7269a4c5jw1eqmmn7ge6kj20dc0hs76h.jpg in Resources */,
			);
			runOnlyForDeploymentPostprocessing = 0;
		};
		D0FB42011B51ED51002F1D33 /* Resources */ = {
			isa = PBXResourcesBuildPhase;
			buildActionMask = 2147483647;
			files = (
			);
			runOnlyForDeploymentPostprocessing = 0;
		};
/* End PBXResourcesBuildPhase section */

/* Begin PBXSourcesBuildPhase section */
		D0FB41EA1B51ED51002F1D33 /* Sources */ = {
			isa = PBXSourcesBuildPhase;
			buildActionMask = 2147483647;
			files = (
				D0FB41F41B51ED51002F1D33 /* AppDelegate.swift in Sources */,
			);
			runOnlyForDeploymentPostprocessing = 0;
		};
		D0FB41FF1B51ED51002F1D33 /* Sources */ = {
			isa = PBXSourcesBuildPhase;
			buildActionMask = 2147483647;
			files = (
				D0FB420A1B51ED51002F1D33 /* MM_viewTests.swift in Sources */,
			);
			runOnlyForDeploymentPostprocessing = 0;
		};
/* End PBXSourcesBuildPhase section */

/* Begin PBXTargetDependency section */
		D0FB42051B51ED51002F1D33 /* PBXTargetDependency */ = {
			isa = PBXTargetDependency;
			target = D0FB41ED1B51ED51002F1D33 /* MM view */;
			targetProxy = D0FB42041B51ED51002F1D33 /* PBXContainerItemProxy */;
		};
/* End PBXTargetDependency section */

/* Begin PBXVariantGroup section */
		D0FB41F71B51ED51002F1D33 /* Main.storyboard */ = {
			isa = PBXVariantGroup;
			children = (
				D0FB41F81B51ED51002F1D33 /* Base */,
			);
			name = Main.storyboard;
			sourceTree = "<group>";
		};
		D0FB41FC1B51ED51002F1D33 /* LaunchScreen.xib */ = {
			isa = PBXVariantGroup;
			children = (
				D0FB41FD1B51ED51002F1D33 /* Base */,
			);
			name = LaunchScreen.xib;
			sourceTree = "<group>";
		};
/* End PBXVariantGroup section */

/* Begin XCBuildConfiguration section */
		D0FB420B1B51ED51002F1D33 /* Debug */ = {
			isa = XCBuildConfiguration;
			buildSettings = {
				ALWAYS_SEARCH_USER_PATHS = NO;
				CLANG_CXX_LANGUAGE_STANDARD = "gnu++0x";
				CLANG_CXX_LIBRARY = "libc++";
				CLANG_ENABLE_MODULES = YES;
				CLANG_ENABLE_OBJC_ARC = YES;
				CLANG_WARN_BOOL_CONVERSION = YES;
				CLANG_WARN_CONSTANT_CONVERSION = YES;
				CLANG_WARN_DIRECT_OBJC_ISA_USAGE = YES_ERROR;
				CLANG_WARN_EMPTY_BODY = YES;
				CLANG_WARN_ENUM_CONVERSION = YES;
				CLANG_WARN_INT_CONVERSION = YES;
				CLANG_WARN_OBJC_ROOT_CLASS = YES_ERROR;
				CLANG_WARN_UNREACHABLE_CODE = YES;
				CLANG_WARN__DUPLICATE_METHOD_MATCH = YES;
				"CODE_SIGN_IDENTITY[sdk=iphoneos*]" = "iPhone Developer";
				COPY_PHASE_STRIP = NO;
				DEBUG_INFORMATION_FORMAT = "dwarf-with-dsym";
				ENABLE_STRICT_OBJC_MSGSEND = YES;
				GCC_C_LANGUAGE_STANDARD = gnu99;
				GCC_DYNAMIC_NO_PIC = NO;
				GCC_NO_COMMON_BLOCKS = YES;
				GCC_OPTIMIZATION_LEVEL = 0;
				GCC_PREPROCESSOR_DEFINITIONS = (
					"DEBUG=1",
					"$(inherited)",
				);
				GCC_SYMBOLS_PRIVATE_EXTERN = NO;
				GCC_WARN_64_TO_32_BIT_CONVERSION = YES;
				GCC_WARN_ABOUT_RETURN_TYPE = YES_ERROR;
				GCC_WARN_UNDECLARED_SELECTOR = YES;
				GCC_WARN_UNINITIALIZED_AUTOS = YES_AGGRESSIVE;
				GCC_WARN_UNUSED_FUNCTION = YES;
				GCC_WARN_UNUSED_VARIABLE = YES;
				IPHONEOS_DEPLOYMENT_TARGET = 8.3;
				MTL_ENABLE_DEBUG_INFO = YES;
				ONLY_ACTIVE_ARCH = YES;
				SDKROOT = iphoneos;
				SWIFT_OPTIMIZATION_LEVEL = "-Onone";
			};
			name = Debug;
		};
		D0FB420C1B51ED51002F1D33 /* Release */ = {
			isa = XCBuildConfiguration;
			buildSettings = {
				ALWAYS_SEARCH_USER_PATHS = NO;
				CLANG_CXX_LANGUAGE_STANDARD = "gnu++0x";
				CLANG_CXX_LIBRARY = "libc++";
				CLANG_ENABLE_MODULES = YES;
				CLANG_ENABLE_OBJC_ARC = YES;
				CLANG_WARN_BOOL_CONVERSION = YES;
				CLANG_WARN_CONSTANT_CONVERSION = YES;
				CLANG_WARN_DIRECT_OBJC_ISA_USAGE = YES_ERROR;
				CLANG_WARN_EMPTY_BODY = YES;
				CLANG_WARN_ENUM_CONVERSION = YES;
				CLANG_WARN_INT_CONVERSION = YES;
				CLANG_WARN_OBJC_ROOT_CLASS = YES_ERROR;
				CLANG_WARN_UNREACHABLE_CODE = YES;
				CLANG_WARN__DUPLICATE_METHOD_MATCH = YES;
				"CODE_SIGN_IDENTITY[sdk=iphoneos*]" = "iPhone Developer";
				COPY_PHASE_STRIP = NO;
				DEBUG_INFORMATION_FORMAT = "dwarf-with-dsym";
				ENABLE_NS_ASSERTIONS = NO;
				ENABLE_STRICT_OBJC_MSGSEND = YES;
				GCC_C_LANGUAGE_STANDARD = gnu99;
				GCC_NO_COMMON_BLOCKS = YES;
				GCC_WARN_64_TO_32_BIT_CONVERSION = YES;
				GCC_WARN_ABOUT_RETURN_TYPE = YES_ERROR;
				GCC_WARN_UNDECLARED_SELECTOR = YES;
				GCC_WARN_UNINITIALIZED_AUTOS = YES_AGGRESSIVE;
				GCC_WARN_UNUSED_FUNCTION = YES;
				GCC_WARN_UNUSED_VARIABLE = YES;
				IPHONEOS_DEPLOYMENT_TARGET = 8.3;
				MTL_ENABLE_DEBUG_INFO = NO;
				SDKROOT = iphoneos;
				VALIDATE_PRODUCT = YES;
			};
			name = Release;
		};
		D0FB420E1B51ED51002F1D33 /* Debug */ = {
			isa = XCBuildConfiguration;
			buildSettings = {
				ASSETCATALOG_COMPILER_APPICON_NAME = AppIcon;
				INFOPLIST_FILE = "MM view/Info.plist";
				LD_RUNPATH_SEARCH_PATHS = "$(inherited) @executable_path/Frameworks";
				PRODUCT_NAME = "$(TARGET_NAME)";
			};
			name = Debug;
		};
		D0FB420F1B51ED51002F1D33 /* Release */ = {
			isa = XCBuildConfiguration;
			buildSettings = {
				ASSETCATALOG_COMPILER_APPICON_NAME = AppIcon;
				INFOPLIST_FILE = "MM view/Info.plist";
				LD_RUNPATH_SEARCH_PATHS = "$(inherited) @executable_path/Frameworks";
				PRODUCT_NAME = "$(TARGET_NAME)";
			};
			name = Release;
		};
		D0FB42111B51ED51002F1D33 /* Debug */ = {
			isa = XCBuildConfiguration;
			buildSettings = {
				BUNDLE_LOADER = "$(TEST_HOST)";
				FRAMEWORK_SEARCH_PATHS = (
					"$(SDKROOT)/Developer/Library/Frameworks",
					"$(inherited)",
				);
				GCC_PREPROCESSOR_DEFINITIONS = (
					"DEBUG=1",
					"$(inherited)",
				);
				INFOPLIST_FILE = "MM viewTests/Info.plist";
				LD_RUNPATH_SEARCH_PATHS = "$(inherited) @executable_path/Frameworks @loader_path/Frameworks";
				PRODUCT_NAME = "$(TARGET_NAME)";
				TEST_HOST = "$(BUILT_PRODUCTS_DIR)/MM view.app/MM view";
			};
			name = Debug;
		};
		D0FB42121B51ED51002F1D33 /* Release */ = {
			isa = XCBuildConfiguration;
			buildSettings = {
				BUNDLE_LOADER = "$(TEST_HOST)";
				FRAMEWORK_SEARCH_PATHS = (
					"$(SDKROOT)/Developer/Library/Frameworks",
					"$(inherited)",
				);
				INFOPLIST_FILE = "MM viewTests/Info.plist";
				LD_RUNPATH_SEARCH_PATHS = "$(inherited) @executable_path/Frameworks @loader_path/Frameworks";
				PRODUCT_NAME = "$(TARGET_NAME)";
				TEST_HOST = "$(BUILT_PRODUCTS_DIR)/MM view.app/MM view";
			};
			name = Release;
		};
/* End XCBuildConfiguration section */

/* Begin XCConfigurationList section */
		D0FB41E91B51ED51002F1D33 /* Build configuration list for PBXProject "MM view" */ = {
			isa = XCConfigurationList;
			buildConfigurations = (
				D0FB420B1B51ED51002F1D33 /* Debug */,
				D0FB420C1B51ED51002F1D33 /* Release */,
			);
			defaultConfigurationIsVisible = 0;
			defaultConfigurationName = Release;
		};
		D0FB420D1B51ED51002F1D33 /* Build configuration list for PBXNativeTarget "MM view" */ = {
			isa = XCConfigurationList;
			buildConfigurations = (
				D0FB420E1B51ED51002F1D33 /* Debug */,
				D0FB420F1B51ED51002F1D33 /* Release */,
			);
			defaultConfigurationIsVisible = 0;
		};
		D0FB42101B51ED51002F1D33 /* Build configuration list for PBXNativeTarget "MM viewTests" */ = {
			isa = XCConfigurationList;
			buildConfigurations = (
				D0FB42111B51ED51002F1D33 /* Debug */,
				D0FB42121B51ED51002F1D33 /* Release */,
			);
			defaultConfigurationIsVisible = 0;
		};
/* End XCConfigurationList section */
	};
	rootObject = D0FB41E61B51ED51002F1D33 /* Project object */;
}
