// !$*UTF8*$!
{
	archiveVersion = 1;
	classes = {
	};
	objectVersion = 46;
	objects = {

/* Begin PBXBuildFile section */
		D0E90A1B1B509B8E009E81C5 /* main.m in Sources */ = {isa = PBXBuildFile; fileRef = D0E90A1A1B509B8E009E81C5 /* main.m */; };
		D0E90A1E1B509B8E009E81C5 /* AppDelegate.m in Sources */ = {isa = PBXBuildFile; fileRef = D0E90A1D1B509B8E009E81C5 /* AppDelegate.m */; };
		D0E90A211B509B8E009E81C5 /* ViewController.m in Sources */ = {isa = PBXBuildFile; fileRef = D0E90A201B509B8E009E81C5 /* ViewController.m */; };
		D0E90A241B509B8E009E81C5 /* Main.storyboard in Resources */ = {isa = PBXBuildFile; fileRef = D0E90A221B509B8E009E81C5 /* Main.storyboard */; };
		D0E90A261B509B8E009E81C5 /* Images.xcassets in Resources */ = {isa = PBXBuildFile; fileRef = D0E90A251B509B8E009E81C5 /* Images.xcassets */; };
		D0E90A291B509B8E009E81C5 /* LaunchScreen.xib in Resources */ = {isa = PBXBuildFile; fileRef = D0E90A271B509B8E009E81C5 /* LaunchScreen.xib */; };
		D0E90A351B509B8E009E81C5 /* activityindicatorviewprogressviewsampleTests.m in Sources */ = {isa = PBXBuildFile; fileRef = D0E90A341B509B8E009E81C5 /* activityindicatorviewprogressviewsampleTests.m */; };
/* End PBXBuildFile section */

/* Begin PBXContainerItemProxy section */
		D0E90A2F1B509B8E009E81C5 /* PBXContainerItemProxy */ = {
			isa = PBXContainerItemProxy;
			containerPortal = D0E90A0D1B509B8D009E81C5 /* Project object */;
			proxyType = 1;
			remoteGlobalIDString = D0E90A141B509B8E009E81C5;
			remoteInfo = activityindicatorviewprogressviewsample;
		};
/* End PBXContainerItemProxy section */

/* Begin PBXFileReference section */
		D0E90A151B509B8E009E81C5 /* activityindicatorviewprogressviewsample.app */ = {isa = PBXFileReference; explicitFileType = wrapper.application; includeInIndex = 0; path = activityindicatorviewprogressviewsample.app; sourceTree = BUILT_PRODUCTS_DIR; };
		D0E90A191B509B8E009E81C5 /* Info.plist */ = {isa = PBXFileReference; lastKnownFileType = text.plist.xml; path = Info.plist; sourceTree = "<group>"; };
		D0E90A1A1B509B8E009E81C5 /* main.m */ = {isa = PBXFileReference; lastKnownFileType = sourcecode.c.objc; path = main.m; sourceTree = "<group>"; };
		D0E90A1C1B509B8E009E81C5 /* AppDelegate.h */ = {isa = PBXFileReference; lastKnownFileType = sourcecode.c.h; path = AppDelegate.h; sourceTree = "<group>"; };
		D0E90A1D1B509B8E009E81C5 /* AppDelegate.m */ = {isa = PBXFileReference; lastKnownFileType = sourcecode.c.objc; path = AppDelegate.m; sourceTree = "<group>"; };
		D0E90A1F1B509B8E009E81C5 /* ViewController.h */ = {isa = PBXFileReference; lastKnownFileType = sourcecode.c.h; path = ViewController.h; sourceTree = "<group>"; };
		D0E90A201B509B8E009E81C5 /* ViewController.m */ = {isa = PBXFileReference; lastKnownFileType = sourcecode.c.objc; path = ViewController.m; sourceTree = "<group>"; };
		D0E90A231B509B8E009E81C5 /* Base */ = {isa = PBXFileReference; lastKnownFileType = file.storyboard; name = Base; path = Base.lproj/Main.storyboard; sourceTree = "<group>"; };
		D0E90A251B509B8E009E81C5 /* Images.xcassets */ = {isa = PBXFileReference; lastKnownFileType = folder.assetcatalog; path = Images.xcassets; sourceTree = "<group>"; };
		D0E90A281B509B8E009E81C5 /* Base */ = {isa = PBXFileReference; lastKnownFileType = file.xib; name = Base; path = Base.lproj/LaunchScreen.xib; sourceTree = "<group>"; };
		D0E90A2E1B509B8E009E81C5 /* activityindicatorviewprogressviewsampleTests.xctest */ = {isa = PBXFileReference; explicitFileType = wrapper.cfbundle; includeInIndex = 0; path = activityindicatorviewprogressviewsampleTests.xctest; sourceTree = BUILT_PRODUCTS_DIR; };
		D0E90A331B509B8E009E81C5 /* Info.plist */ = {isa = PBXFileReference; lastKnownFileType = text.plist.xml; path = Info.plist; sourceTree = "<group>"; };
		D0E90A341B509B8E009E81C5 /* activityindicatorviewprogressviewsampleTests.m */ = {isa = PBXFileReference; lastKnownFileType = sourcecode.c.objc; path = activityindicatorviewprogressviewsampleTests.m; sourceTree = "<group>"; };
/* End PBXFileReference section */

/* Begin PBXFrameworksBuildPhase section */
		D0E90A121B509B8E009E81C5 /* Frameworks */ = {
			isa = PBXFrameworksBuildPhase;
			buildActionMask = 2147483647;
			files = (
			);
			runOnlyForDeploymentPostprocessing = 0;
		};
		D0E90A2B1B509B8E009E81C5 /* Frameworks */ = {
			isa = PBXFrameworksBuildPhase;
			buildActionMask = 2147483647;
			files = (
			);
			runOnlyForDeploymentPostprocessing = 0;
		};
/* End PBXFrameworksBuildPhase section */

/* Begin PBXGroup section */
		D0E90A0C1B509B8D009E81C5 = {
			isa = PBXGroup;
			children = (
				D0E90A171B509B8E009E81C5 /* activityindicatorviewprogressviewsample */,
				D0E90A311B509B8E009E81C5 /* activityindicatorviewprogressviewsampleTests */,
				D0E90A161B509B8E009E81C5 /* Products */,
			);
			sourceTree = "<group>";
		};
		D0E90A161B509B8E009E81C5 /* Products */ = {
			isa = PBXGroup;
			children = (
				D0E90A151B509B8E009E81C5 /* activityindicatorviewprogressviewsample.app */,
				D0E90A2E1B509B8E009E81C5 /* activityindicatorviewprogressviewsampleTests.xctest */,
			);
			name = Products;
			sourceTree = "<group>";
		};
		D0E90A171B509B8E009E81C5 /* activityindicatorviewprogressviewsample */ = {
			isa = PBXGroup;
			children = (
				D0E90A1C1B509B8E009E81C5 /* AppDelegate.h */,
				D0E90A1D1B509B8E009E81C5 /* AppDelegate.m */,
				D0E90A1F1B509B8E009E81C5 /* ViewController.h */,
				D0E90A201B509B8E009E81C5 /* ViewController.m */,
				D0E90A221B509B8E009E81C5 /* Main.storyboard */,
				D0E90A251B509B8E009E81C5 /* Images.xcassets */,
				D0E90A271B509B8E009E81C5 /* LaunchScreen.xib */,
				D0E90A181B509B8E009E81C5 /* Supporting Files */,
			);
			path = activityindicatorviewprogressviewsample;
			sourceTree = "<group>";
		};
		D0E90A181B509B8E009E81C5 /* Supporting Files */ = {
			isa = PBXGroup;
			children = (
				D0E90A191B509B8E009E81C5 /* Info.plist */,
				D0E90A1A1B509B8E009E81C5 /* main.m */,
			);
			name = "Supporting Files";
			sourceTree = "<group>";
		};
		D0E90A311B509B8E009E81C5 /* activityindicatorviewprogressviewsampleTests */ = {
			isa = PBXGroup;
			children = (
				D0E90A341B509B8E009E81C5 /* activityindicatorviewprogressviewsampleTests.m */,
				D0E90A321B509B8E009E81C5 /* Supporting Files */,
			);
			path = activityindicatorviewprogressviewsampleTests;
			sourceTree = "<group>";
		};
		D0E90A321B509B8E009E81C5 /* Supporting Files */ = {
			isa = PBXGroup;
			children = (
				D0E90A331B509B8E009E81C5 /* Info.plist */,
			);
			name = "Supporting Files";
			sourceTree = "<group>";
		};
/* End PBXGroup section */

/* Begin PBXNativeTarget section */
		D0E90A141B509B8E009E81C5 /* activityindicatorviewprogressviewsample */ = {
			isa = PBXNativeTarget;
			buildConfigurationList = D0E90A381B509B8E009E81C5 /* Build configuration list for PBXNativeTarget "activityindicatorviewprogressviewsample" */;
			buildPhases = (
				D0E90A111B509B8E009E81C5 /* Sources */,
				D0E90A121B509B8E009E81C5 /* Frameworks */,
				D0E90A131B509B8E009E81C5 /* Resources */,
			);
			buildRules = (
			);
			dependencies = (
			);
			name = activityindicatorviewprogressviewsample;
			productName = activityindicatorviewprogressviewsample;
			productReference = D0E90A151B509B8E009E81C5 /* activityindicatorviewprogressviewsample.app */;
			productType = "com.apple.product-type.application";
		};
		D0E90A2D1B509B8E009E81C5 /* activityindicatorviewprogressviewsampleTests */ = {
			isa = PBXNativeTarget;
			buildConfigurationList = D0E90A3B1B509B8E009E81C5 /* Build configuration list for PBXNativeTarget "activityindicatorviewprogressviewsampleTests" */;
			buildPhases = (
				D0E90A2A1B509B8E009E81C5 /* Sources */,
				D0E90A2B1B509B8E009E81C5 /* Frameworks */,
				D0E90A2C1B509B8E009E81C5 /* Resources */,
			);
			buildRules = (
			);
			dependencies = (
				D0E90A301B509B8E009E81C5 /* PBXTargetDependency */,
			);
			name = activityindicatorviewprogressviewsampleTests;
			productName = activityindicatorviewprogressviewsampleTests;
			productReference = D0E90A2E1B509B8E009E81C5 /* activityindicatorviewprogressviewsampleTests.xctest */;
			productType = "com.apple.product-type.bundle.unit-test";
		};
/* End PBXNativeTarget section */

/* Begin PBXProject section */
		D0E90A0D1B509B8D009E81C5 /* Project object */ = {
			isa = PBXProject;
			attributes = {
				LastUpgradeCheck = 0630;
				ORGANIZATIONNAME = home;
				TargetAttributes = {
					D0E90A141B509B8E009E81C5 = {
						CreatedOnToolsVersion = 6.3.2;
					};
					D0E90A2D1B509B8E009E81C5 = {
						CreatedOnToolsVersion = 6.3.2;
						TestTargetID = D0E90A141B509B8E009E81C5;
					};
				};
			};
			buildConfigurationList = D0E90A101B509B8E009E81C5 /* Build configuration list for PBXProject "activityindicatorviewprogressviewsample" */;
			compatibilityVersion = "Xcode 3.2";
			developmentRegion = English;
			hasScannedForEncodings = 0;
			knownRegions = (
				en,
				Base,
			);
			mainGroup = D0E90A0C1B509B8D009E81C5;
			productRefGroup = D0E90A161B509B8E009E81C5 /* Products */;
			projectDirPath = "";
			projectRoot = "";
			targets = (
				D0E90A141B509B8E009E81C5 /* activityindicatorviewprogressviewsample */,
				D0E90A2D1B509B8E009E81C5 /* activityindicatorviewprogressviewsampleTests */,
			);
		};
/* End PBXProject section */

/* Begin PBXResourcesBuildPhase section */
		D0E90A131B509B8E009E81C5 /* Resources */ = {
			isa = PBXResourcesBuildPhase;
			buildActionMask = 2147483647;
			files = (
				D0E90A241B509B8E009E81C5 /* Main.storyboard in Resources */,
				D0E90A291B509B8E009E81C5 /* LaunchScreen.xib in Resources */,
				D0E90A261B509B8E009E81C5 /* Images.xcassets in Resources */,
			);
			runOnlyForDeploymentPostprocessing = 0;
		};
		D0E90A2C1B509B8E009E81C5 /* Resources */ = {
			isa = PBXResourcesBuildPhase;
			buildActionMask = 2147483647;
			files = (
			);
			runOnlyForDeploymentPostprocessing = 0;
		};
/* End PBXResourcesBuildPhase section */

/* Begin PBXSourcesBuildPhase section */
		D0E90A111B509B8E009E81C5 /* Sources */ = {
			isa = PBXSourcesBuildPhase;
			buildActionMask = 2147483647;
			files = (
				D0E90A211B509B8E009E81C5 /* ViewController.m in Sources */,
				D0E90A1E1B509B8E009E81C5 /* AppDelegate.m in Sources */,
				D0E90A1B1B509B8E009E81C5 /* main.m in Sources */,
			);
			runOnlyForDeploymentPostprocessing = 0;
		};
		D0E90A2A1B509B8E009E81C5 /* Sources */ = {
			isa = PBXSourcesBuildPhase;
			buildActionMask = 2147483647;
			files = (
				D0E90A351B509B8E009E81C5 /* activityindicatorviewprogressviewsampleTests.m in Sources */,
			);
			runOnlyForDeploymentPostprocessing = 0;
		};
/* End PBXSourcesBuildPhase section */

/* Begin PBXTargetDependency section */
		D0E90A301B509B8E009E81C5 /* PBXTargetDependency */ = {
			isa = PBXTargetDependency;
			target = D0E90A141B509B8E009E81C5 /* activityindicatorviewprogressviewsample */;
			targetProxy = D0E90A2F1B509B8E009E81C5 /* PBXContainerItemProxy */;
		};
/* End PBXTargetDependency section */

/* Begin PBXVariantGroup section */
		D0E90A221B509B8E009E81C5 /* Main.storyboard */ = {
			isa = PBXVariantGroup;
			children = (
				D0E90A231B509B8E009E81C5 /* Base */,
			);
			name = Main.storyboard;
			sourceTree = "<group>";
		};
		D0E90A271B509B8E009E81C5 /* LaunchScreen.xib */ = {
			isa = PBXVariantGroup;
			children = (
				D0E90A281B509B8E009E81C5 /* Base */,
			);
			name = LaunchScreen.xib;
			sourceTree = "<group>";
		};
/* End PBXVariantGroup section */

/* Begin XCBuildConfiguration section */
		D0E90A361B509B8E009E81C5 /* Debug */ = {
			isa = XCBuildConfiguration;
			buildSettings = {
				ALWAYS_SEARCH_USER_PATHS = NO;
				CLANG_CXX_LANGUAGE_STANDARD = "gnu++0x";
				CLANG_CXX_LIBRARY = "libc++";
				CLANG_ENABLE_MODULES = YES;
				CLANG_ENABLE_OBJC_ARC = YES;
				CLANG_WARN_BOOL_CONVERSION = YES;
				CLANG_WARN_CONSTANT_CONVERSION = YES;
				CLANG_WARN_DIRECT_OBJC_ISA_USAGE = YES_ERROR;
				CLANG_WARN_EMPTY_BODY = YES;
				CLANG_WARN_ENUM_CONVERSION = YES;
				CLANG_WARN_INT_CONVERSION = YES;
				CLANG_WARN_OBJC_ROOT_CLASS = YES_ERROR;
				CLANG_WARN_UNREACHABLE_CODE = YES;
				CLANG_WARN__DUPLICATE_METHOD_MATCH = YES;
				"CODE_SIGN_IDENTITY[sdk=iphoneos*]" = "iPhone Developer";
				COPY_PHASE_STRIP = NO;
				DEBUG_INFORMATION_FORMAT = "dwarf-with-dsym";
				ENABLE_STRICT_OBJC_MSGSEND = YES;
				GCC_C_LANGUAGE_STANDARD = gnu99;
				GCC_DYNAMIC_NO_PIC = NO;
				GCC_NO_COMMON_BLOCKS = YES;
				GCC_OPTIMIZATION_LEVEL = 0;
				GCC_PREPROCESSOR_DEFINITIONS = (
					"DEBUG=1",
					"$(inherited)",
				);
				GCC_SYMBOLS_PRIVATE_EXTERN = NO;
				GCC_WARN_64_TO_32_BIT_CONVERSION = YES;
				GCC_WARN_ABOUT_RETURN_TYPE = YES_ERROR;
				GCC_WARN_UNDECLARED_SELECTOR = YES;
				GCC_WARN_UNINITIALIZED_AUTOS = YES_AGGRESSIVE;
				GCC_WARN_UNUSED_FUNCTION = YES;
				GCC_WARN_UNUSED_VARIABLE = YES;
				IPHONEOS_DEPLOYMENT_TARGET = 8.3;
				MTL_ENABLE_DEBUG_INFO = YES;
				ONLY_ACTIVE_ARCH = YES;
				SDKROOT = iphoneos;
			};
			name = Debug;
		};
		D0E90A371B509B8E009E81C5 /* Release */ = {
			isa = XCBuildConfiguration;
			buildSettings = {
				ALWAYS_SEARCH_USER_PATHS = NO;
				CLANG_CXX_LANGUAGE_STANDARD = "gnu++0x";
				CLANG_CXX_LIBRARY = "libc++";
				CLANG_ENABLE_MODULES = YES;
				CLANG_ENABLE_OBJC_ARC = YES;
				CLANG_WARN_BOOL_CONVERSION = YES;
				CLANG_WARN_CONSTANT_CONVERSION = YES;
				CLANG_WARN_DIRECT_OBJC_ISA_USAGE = YES_ERROR;
				CLANG_WARN_EMPTY_BODY = YES;
				CLANG_WARN_ENUM_CONVERSION = YES;
				CLANG_WARN_INT_CONVERSION = YES;
				CLANG_WARN_OBJC_ROOT_CLASS = YES_ERROR;
				CLANG_WARN_UNREACHABLE_CODE = YES;
				CLANG_WARN__DUPLICATE_METHOD_MATCH = YES;
				"CODE_SIGN_IDENTITY[sdk=iphoneos*]" = "iPhone Developer";
				COPY_PHASE_STRIP = NO;
				DEBUG_INFORMATION_FORMAT = "dwarf-with-dsym";
				ENABLE_NS_ASSERTIONS = NO;
				ENABLE_STRICT_OBJC_MSGSEND = YES;
				GCC_C_LANGUAGE_STANDARD = gnu99;
				GCC_NO_COMMON_BLOCKS = YES;
				GCC_WARN_64_TO_32_BIT_CONVERSION = YES;
				GCC_WARN_ABOUT_RETURN_TYPE = YES_ERROR;
				GCC_WARN_UNDECLARED_SELECTOR = YES;
				GCC_WARN_UNINITIALIZED_AUTOS = YES_AGGRESSIVE;
				GCC_WARN_UNUSED_FUNCTION = YES;
				GCC_WARN_UNUSED_VARIABLE = YES;
				IPHONEOS_DEPLOYMENT_TARGET = 8.3;
				MTL_ENABLE_DEBUG_INFO = NO;
				SDKROOT = iphoneos;
				VALIDATE_PRODUCT = YES;
			};
			name = Release;
		};
		D0E90A391B509B8E009E81C5 /* Debug */ = {
			isa = XCBuildConfiguration;
			buildSettings = {
				ASSETCATALOG_COMPILER_APPICON_NAME = AppIcon;
				INFOPLIST_FILE = activityindicatorviewprogressviewsample/Info.plist;
				LD_RUNPATH_SEARCH_PATHS = "$(inherited) @executable_path/Frameworks";
				PRODUCT_NAME = "$(TARGET_NAME)";
			};
			name = Debug;
		};
		D0E90A3A1B509B8E009E81C5 /* Release */ = {
			isa = XCBuildConfiguration;
			buildSettings = {
				ASSETCATALOG_COMPILER_APPICON_NAME = AppIcon;
				INFOPLIST_FILE = activityindicatorviewprogressviewsample/Info.plist;
				LD_RUNPATH_SEARCH_PATHS = "$(inherited) @executable_path/Frameworks";
				PRODUCT_NAME = "$(TARGET_NAME)";
			};
			name = Release;
		};
		D0E90A3C1B509B8E009E81C5 /* Debug */ = {
			isa = XCBuildConfiguration;
			buildSettings = {
				BUNDLE_LOADER = "$(TEST_HOST)";
				FRAMEWORK_SEARCH_PATHS = (
					"$(SDKROOT)/Developer/Library/Frameworks",
					"$(inherited)",
				);
				GCC_PREPROCESSOR_DEFINITIONS = (
					"DEBUG=1",
					"$(inherited)",
				);
				INFOPLIST_FILE = activityindicatorviewprogressviewsampleTests/Info.plist;
				LD_RUNPATH_SEARCH_PATHS = "$(inherited) @executable_path/Frameworks @loader_path/Frameworks";
				PRODUCT_NAME = "$(TARGET_NAME)";
				TEST_HOST = "$(BUILT_PRODUCTS_DIR)/activityindicatorviewprogressviewsample.app/activityindicatorviewprogressviewsample";
			};
			name = Debug;
		};
		D0E90A3D1B509B8E009E81C5 /* Release */ = {
			isa = XCBuildConfiguration;
			buildSettings = {
				BUNDLE_LOADER = "$(TEST_HOST)";
				FRAMEWORK_SEARCH_PATHS = (
					"$(SDKROOT)/Developer/Library/Frameworks",
					"$(inherited)",
				);
				INFOPLIST_FILE = activityindicatorviewprogressviewsampleTests/Info.plist;
				LD_RUNPATH_SEARCH_PATHS = "$(inherited) @executable_path/Frameworks @loader_path/Frameworks";
				PRODUCT_NAME = "$(TARGET_NAME)";
				TEST_HOST = "$(BUILT_PRODUCTS_DIR)/activityindicatorviewprogressviewsample.app/activityindicatorviewprogressviewsample";
			};
			name = Release;
		};
/* End XCBuildConfiguration section */

/* Begin XCConfigurationList section */
		D0E90A101B509B8E009E81C5 /* Build configuration list for PBXProject "activityindicatorviewprogressviewsample" */ = {
			isa = XCConfigurationList;
			buildConfigurations = (
				D0E90A361B509B8E009E81C5 /* Debug */,
				D0E90A371B509B8E009E81C5 /* Release */,
			);
			defaultConfigurationIsVisible = 0;
			defaultConfigurationName = Release;
		};
		D0E90A381B509B8E009E81C5 /* Build configuration list for PBXNativeTarget "activityindicatorviewprogressviewsample" */ = {
			isa = XCConfigurationList;
			buildConfigurations = (
				D0E90A391B509B8E009E81C5 /* Debug */,
				D0E90A3A1B509B8E009E81C5 /* Release */,
			);
			defaultConfigurationIsVisible = 0;
		};
		D0E90A3B1B509B8E009E81C5 /* Build configuration list for PBXNativeTarget "activityindicatorviewprogressviewsampleTests" */ = {
			isa = XCConfigurationList;
			buildConfigurations = (
				D0E90A3C1B509B8E009E81C5 /* Debug */,
				D0E90A3D1B509B8E009E81C5 /* Release */,
			);
			defaultConfigurationIsVisible = 0;
		};
/* End XCConfigurationList section */
	};
	rootObject = D0E90A0D1B509B8D009E81C5 /* Project object */;
}
