// !$*UTF8*$!
{
	archiveVersion = 1;
	classes = {
	};
	objectVersion = 46;
	objects = {

/* Begin PBXBuildFile section */
		D070230C1B59DE0700389236 /* main.m in Sources */ = {isa = PBXBuildFile; fileRef = D070230B1B59DE0700389236 /* main.m */; };
		D070230F1B59DE0700389236 /* AppDelegate.m in Sources */ = {isa = PBXBuildFile; fileRef = D070230E1B59DE0700389236 /* AppDelegate.m */; };
		D07023121B59DE0700389236 /* ViewController.m in Sources */ = {isa = PBXBuildFile; fileRef = D07023111B59DE0700389236 /* ViewController.m */; };
		D07023151B59DE0700389236 /* Main.storyboard in Resources */ = {isa = PBXBuildFile; fileRef = D07023131B59DE0700389236 /* Main.storyboard */; };
		D07023171B59DE0700389236 /* Images.xcassets in Resources */ = {isa = PBXBuildFile; fileRef = D07023161B59DE0700389236 /* Images.xcassets */; };
		D070231A1B59DE0700389236 /* LaunchScreen.xib in Resources */ = {isa = PBXBuildFile; fileRef = D07023181B59DE0700389236 /* LaunchScreen.xib */; };
		D07023261B59DE0700389236 /* jumpTests.m in Sources */ = {isa = PBXBuildFile; fileRef = D07023251B59DE0700389236 /* jumpTests.m */; };
		D07023301B59DEEE00389236 /* 7269a4c5jw1eqmmn2xxm5j20dc0hs75z.jpg in Resources */ = {isa = PBXBuildFile; fileRef = D070232F1B59DEEE00389236 /* 7269a4c5jw1eqmmn2xxm5j20dc0hs75z.jpg */; };
/* End PBXBuildFile section */

/* Begin PBXContainerItemProxy section */
		D07023201B59DE0700389236 /* PBXContainerItemProxy */ = {
			isa = PBXContainerItemProxy;
			containerPortal = D07022FE1B59DE0700389236 /* Project object */;
			proxyType = 1;
			remoteGlobalIDString = D07023051B59DE0700389236;
			remoteInfo = jump;
		};
/* End PBXContainerItemProxy section */

/* Begin PBXFileReference section */
		D07023061B59DE0700389236 /* jump.app */ = {isa = PBXFileReference; explicitFileType = wrapper.application; includeInIndex = 0; path = jump.app; sourceTree = BUILT_PRODUCTS_DIR; };
		D070230A1B59DE0700389236 /* Info.plist */ = {isa = PBXFileReference; lastKnownFileType = text.plist.xml; path = Info.plist; sourceTree = "<group>"; };
		D070230B1B59DE0700389236 /* main.m */ = {isa = PBXFileReference; lastKnownFileType = sourcecode.c.objc; path = main.m; sourceTree = "<group>"; };
		D070230D1B59DE0700389236 /* AppDelegate.h */ = {isa = PBXFileReference; lastKnownFileType = sourcecode.c.h; path = AppDelegate.h; sourceTree = "<group>"; };
		D070230E1B59DE0700389236 /* AppDelegate.m */ = {isa = PBXFileReference; lastKnownFileType = sourcecode.c.objc; path = AppDelegate.m; sourceTree = "<group>"; };
		D07023101B59DE0700389236 /* ViewController.h */ = {isa = PBXFileReference; lastKnownFileType = sourcecode.c.h; path = ViewController.h; sourceTree = "<group>"; };
		D07023111B59DE0700389236 /* ViewController.m */ = {isa = PBXFileReference; lastKnownFileType = sourcecode.c.objc; path = ViewController.m; sourceTree = "<group>"; };
		D07023141B59DE0700389236 /* Base */ = {isa = PBXFileReference; lastKnownFileType = file.storyboard; name = Base; path = Base.lproj/Main.storyboard; sourceTree = "<group>"; };
		D07023161B59DE0700389236 /* Images.xcassets */ = {isa = PBXFileReference; lastKnownFileType = folder.assetcatalog; path = Images.xcassets; sourceTree = "<group>"; };
		D07023191B59DE0700389236 /* Base */ = {isa = PBXFileReference; lastKnownFileType = file.xib; name = Base; path = Base.lproj/LaunchScreen.xib; sourceTree = "<group>"; };
		D070231F1B59DE0700389236 /* jumpTests.xctest */ = {isa = PBXFileReference; explicitFileType = wrapper.cfbundle; includeInIndex = 0; path = jumpTests.xctest; sourceTree = BUILT_PRODUCTS_DIR; };
		D07023241B59DE0700389236 /* Info.plist */ = {isa = PBXFileReference; lastKnownFileType = text.plist.xml; path = Info.plist; sourceTree = "<group>"; };
		D07023251B59DE0700389236 /* jumpTests.m */ = {isa = PBXFileReference; lastKnownFileType = sourcecode.c.objc; path = jumpTests.m; sourceTree = "<group>"; };
		D070232F1B59DEEE00389236 /* 7269a4c5jw1eqmmn2xxm5j20dc0hs75z.jpg */ = {isa = PBXFileReference; lastKnownFileType = image.jpeg; path = 7269a4c5jw1eqmmn2xxm5j20dc0hs75z.jpg; sourceTree = "<group>"; };
/* End PBXFileReference section */

/* Begin PBXFrameworksBuildPhase section */
		D07023031B59DE0700389236 /* Frameworks */ = {
			isa = PBXFrameworksBuildPhase;
			buildActionMask = 2147483647;
			files = (
			);
			runOnlyForDeploymentPostprocessing = 0;
		};
		D070231C1B59DE0700389236 /* Frameworks */ = {
			isa = PBXFrameworksBuildPhase;
			buildActionMask = 2147483647;
			files = (
			);
			runOnlyForDeploymentPostprocessing = 0;
		};
/* End PBXFrameworksBuildPhase section */

/* Begin PBXGroup section */
		D07022FD1B59DE0700389236 = {
			isa = PBXGroup;
			children = (
				D07023081B59DE0700389236 /* jump */,
				D07023221B59DE0700389236 /* jumpTests */,
				D07023071B59DE0700389236 /* Products */,
			);
			sourceTree = "<group>";
		};
		D07023071B59DE0700389236 /* Products */ = {
			isa = PBXGroup;
			children = (
				D07023061B59DE0700389236 /* jump.app */,
				D070231F1B59DE0700389236 /* jumpTests.xctest */,
			);
			name = Products;
			sourceTree = "<group>";
		};
		D07023081B59DE0700389236 /* jump */ = {
			isa = PBXGroup;
			children = (
				D070230D1B59DE0700389236 /* AppDelegate.h */,
				D070230E1B59DE0700389236 /* AppDelegate.m */,
				D07023101B59DE0700389236 /* ViewController.h */,
				D07023111B59DE0700389236 /* ViewController.m */,
				D07023131B59DE0700389236 /* Main.storyboard */,
				D07023161B59DE0700389236 /* Images.xcassets */,
				D07023181B59DE0700389236 /* LaunchScreen.xib */,
				D07023091B59DE0700389236 /* Supporting Files */,
			);
			path = jump;
			sourceTree = "<group>";
		};
		D07023091B59DE0700389236 /* Supporting Files */ = {
			isa = PBXGroup;
			children = (
				D070230A1B59DE0700389236 /* Info.plist */,
				D070232F1B59DEEE00389236 /* 7269a4c5jw1eqmmn2xxm5j20dc0hs75z.jpg */,
				D070230B1B59DE0700389236 /* main.m */,
			);
			name = "Supporting Files";
			sourceTree = "<group>";
		};
		D07023221B59DE0700389236 /* jumpTests */ = {
			isa = PBXGroup;
			children = (
				D07023251B59DE0700389236 /* jumpTests.m */,
				D07023231B59DE0700389236 /* Supporting Files */,
			);
			path = jumpTests;
			sourceTree = "<group>";
		};
		D07023231B59DE0700389236 /* Supporting Files */ = {
			isa = PBXGroup;
			children = (
				D07023241B59DE0700389236 /* Info.plist */,
			);
			name = "Supporting Files";
			sourceTree = "<group>";
		};
/* End PBXGroup section */

/* Begin PBXNativeTarget section */
		D07023051B59DE0700389236 /* jump */ = {
			isa = PBXNativeTarget;
			buildConfigurationList = D07023291B59DE0700389236 /* Build configuration list for PBXNativeTarget "jump" */;
			buildPhases = (
				D07023021B59DE0700389236 /* Sources */,
				D07023031B59DE0700389236 /* Frameworks */,
				D07023041B59DE0700389236 /* Resources */,
			);
			buildRules = (
			);
			dependencies = (
			);
			name = jump;
			productName = jump;
			productReference = D07023061B59DE0700389236 /* jump.app */;
			productType = "com.apple.product-type.application";
		};
		D070231E1B59DE0700389236 /* jumpTests */ = {
			isa = PBXNativeTarget;
			buildConfigurationList = D070232C1B59DE0700389236 /* Build configuration list for PBXNativeTarget "jumpTests" */;
			buildPhases = (
				D070231B1B59DE0700389236 /* Sources */,
				D070231C1B59DE0700389236 /* Frameworks */,
				D070231D1B59DE0700389236 /* Resources */,
			);
			buildRules = (
			);
			dependencies = (
				D07023211B59DE0700389236 /* PBXTargetDependency */,
			);
			name = jumpTests;
			productName = jumpTests;
			productReference = D070231F1B59DE0700389236 /* jumpTests.xctest */;
			productType = "com.apple.product-type.bundle.unit-test";
		};
/* End PBXNativeTarget section */

/* Begin PBXProject section */
		D07022FE1B59DE0700389236 /* Project object */ = {
			isa = PBXProject;
			attributes = {
				LastUpgradeCheck = 0640;
				ORGANIZATIONNAME = home;
				TargetAttributes = {
					D07023051B59DE0700389236 = {
						CreatedOnToolsVersion = 6.4;
					};
					D070231E1B59DE0700389236 = {
						CreatedOnToolsVersion = 6.4;
						TestTargetID = D07023051B59DE0700389236;
					};
				};
			};
			buildConfigurationList = D07023011B59DE0700389236 /* Build configuration list for PBXProject "jump" */;
			compatibilityVersion = "Xcode 3.2";
			developmentRegion = English;
			hasScannedForEncodings = 0;
			knownRegions = (
				en,
				Base,
			);
			mainGroup = D07022FD1B59DE0700389236;
			productRefGroup = D07023071B59DE0700389236 /* Products */;
			projectDirPath = "";
			projectRoot = "";
			targets = (
				D07023051B59DE0700389236 /* jump */,
				D070231E1B59DE0700389236 /* jumpTests */,
			);
		};
/* End PBXProject section */

/* Begin PBXResourcesBuildPhase section */
		D07023041B59DE0700389236 /* Resources */ = {
			isa = PBXResourcesBuildPhase;
			buildActionMask = 2147483647;
			files = (
				D07023301B59DEEE00389236 /* 7269a4c5jw1eqmmn2xxm5j20dc0hs75z.jpg in Resources */,
				D07023151B59DE0700389236 /* Main.storyboard in Resources */,
				D070231A1B59DE0700389236 /* LaunchScreen.xib in Resources */,
				D07023171B59DE0700389236 /* Images.xcassets in Resources */,
			);
			runOnlyForDeploymentPostprocessing = 0;
		};
		D070231D1B59DE0700389236 /* Resources */ = {
			isa = PBXResourcesBuildPhase;
			buildActionMask = 2147483647;
			files = (
			);
			runOnlyForDeploymentPostprocessing = 0;
		};
/* End PBXResourcesBuildPhase section */

/* Begin PBXSourcesBuildPhase section */
		D07023021B59DE0700389236 /* Sources */ = {
			isa = PBXSourcesBuildPhase;
			buildActionMask = 2147483647;
			files = (
				D07023121B59DE0700389236 /* ViewController.m in Sources */,
				D070230F1B59DE0700389236 /* AppDelegate.m in Sources */,
				D070230C1B59DE0700389236 /* main.m in Sources */,
			);
			runOnlyForDeploymentPostprocessing = 0;
		};
		D070231B1B59DE0700389236 /* Sources */ = {
			isa = PBXSourcesBuildPhase;
			buildActionMask = 2147483647;
			files = (
				D07023261B59DE0700389236 /* jumpTests.m in Sources */,
			);
			runOnlyForDeploymentPostprocessing = 0;
		};
/* End PBXSourcesBuildPhase section */

/* Begin PBXTargetDependency section */
		D07023211B59DE0700389236 /* PBXTargetDependency */ = {
			isa = PBXTargetDependency;
			target = D07023051B59DE0700389236 /* jump */;
			targetProxy = D07023201B59DE0700389236 /* PBXContainerItemProxy */;
		};
/* End PBXTargetDependency section */

/* Begin PBXVariantGroup section */
		D07023131B59DE0700389236 /* Main.storyboard */ = {
			isa = PBXVariantGroup;
			children = (
				D07023141B59DE0700389236 /* Base */,
			);
			name = Main.storyboard;
			sourceTree = "<group>";
		};
		D07023181B59DE0700389236 /* LaunchScreen.xib */ = {
			isa = PBXVariantGroup;
			children = (
				D07023191B59DE0700389236 /* Base */,
			);
			name = LaunchScreen.xib;
			sourceTree = "<group>";
		};
/* End PBXVariantGroup section */

/* Begin XCBuildConfiguration section */
		D07023271B59DE0700389236 /* Debug */ = {
			isa = XCBuildConfiguration;
			buildSettings = {
				ALWAYS_SEARCH_USER_PATHS = NO;
				CLANG_CXX_LANGUAGE_STANDARD = "gnu++0x";
				CLANG_CXX_LIBRARY = "libc++";
				CLANG_ENABLE_MODULES = YES;
				CLANG_ENABLE_OBJC_ARC = YES;
				CLANG_WARN_BOOL_CONVERSION = YES;
				CLANG_WARN_CONSTANT_CONVERSION = YES;
				CLANG_WARN_DIRECT_OBJC_ISA_USAGE = YES_ERROR;
				CLANG_WARN_EMPTY_BODY = YES;
				CLANG_WARN_ENUM_CONVERSION = YES;
				CLANG_WARN_INT_CONVERSION = YES;
				CLANG_WARN_OBJC_ROOT_CLASS = YES_ERROR;
				CLANG_WARN_UNREACHABLE_CODE = YES;
				CLANG_WARN__DUPLICATE_METHOD_MATCH = YES;
				"CODE_SIGN_IDENTITY[sdk=iphoneos*]" = "iPhone Developer";
				COPY_PHASE_STRIP = NO;
				DEBUG_INFORMATION_FORMAT = "dwarf-with-dsym";
				ENABLE_STRICT_OBJC_MSGSEND = YES;
				GCC_C_LANGUAGE_STANDARD = gnu99;
				GCC_DYNAMIC_NO_PIC = NO;
				GCC_NO_COMMON_BLOCKS = YES;
				GCC_OPTIMIZATION_LEVEL = 0;
				GCC_PREPROCESSOR_DEFINITIONS = (
					"DEBUG=1",
					"$(inherited)",
				);
				GCC_SYMBOLS_PRIVATE_EXTERN = NO;
				GCC_WARN_64_TO_32_BIT_CONVERSION = YES;
				GCC_WARN_ABOUT_RETURN_TYPE = YES_ERROR;
				GCC_WARN_UNDECLARED_SELECTOR = YES;
				GCC_WARN_UNINITIALIZED_AUTOS = YES_AGGRESSIVE;
				GCC_WARN_UNUSED_FUNCTION = YES;
				GCC_WARN_UNUSED_VARIABLE = YES;
				IPHONEOS_DEPLOYMENT_TARGET = 8.4;
				MTL_ENABLE_DEBUG_INFO = YES;
				ONLY_ACTIVE_ARCH = YES;
				SDKROOT = iphoneos;
			};
			name = Debug;
		};
		D07023281B59DE0700389236 /* Release */ = {
			isa = XCBuildConfiguration;
			buildSettings = {
				ALWAYS_SEARCH_USER_PATHS = NO;
				CLANG_CXX_LANGUAGE_STANDARD = "gnu++0x";
				CLANG_CXX_LIBRARY = "libc++";
				CLANG_ENABLE_MODULES = YES;
				CLANG_ENABLE_OBJC_ARC = YES;
				CLANG_WARN_BOOL_CONVERSION = YES;
				CLANG_WARN_CONSTANT_CONVERSION = YES;
				CLANG_WARN_DIRECT_OBJC_ISA_USAGE = YES_ERROR;
				CLANG_WARN_EMPTY_BODY = YES;
				CLANG_WARN_ENUM_CONVERSION = YES;
				CLANG_WARN_INT_CONVERSION = YES;
				CLANG_WARN_OBJC_ROOT_CLASS = YES_ERROR;
				CLANG_WARN_UNREACHABLE_CODE = YES;
				CLANG_WARN__DUPLICATE_METHOD_MATCH = YES;
				"CODE_SIGN_IDENTITY[sdk=iphoneos*]" = "iPhone Developer";
				COPY_PHASE_STRIP = NO;
				DEBUG_INFORMATION_FORMAT = "dwarf-with-dsym";
				ENABLE_NS_ASSERTIONS = NO;
				ENABLE_STRICT_OBJC_MSGSEND = YES;
				GCC_C_LANGUAGE_STANDARD = gnu99;
				GCC_NO_COMMON_BLOCKS = YES;
				GCC_WARN_64_TO_32_BIT_CONVERSION = YES;
				GCC_WARN_ABOUT_RETURN_TYPE = YES_ERROR;
				GCC_WARN_UNDECLARED_SELECTOR = YES;
				GCC_WARN_UNINITIALIZED_AUTOS = YES_AGGRESSIVE;
				GCC_WARN_UNUSED_FUNCTION = YES;
				GCC_WARN_UNUSED_VARIABLE = YES;
				IPHONEOS_DEPLOYMENT_TARGET = 8.4;
				MTL_ENABLE_DEBUG_INFO = NO;
				SDKROOT = iphoneos;
				VALIDATE_PRODUCT = YES;
			};
			name = Release;
		};
		D070232A1B59DE0700389236 /* Debug */ = {
			isa = XCBuildConfiguration;
			buildSettings = {
				ASSETCATALOG_COMPILER_APPICON_NAME = AppIcon;
				INFOPLIST_FILE = jump/Info.plist;
				LD_RUNPATH_SEARCH_PATHS = "$(inherited) @executable_path/Frameworks";
				PRODUCT_NAME = "$(TARGET_NAME)";
			};
			name = Debug;
		};
		D070232B1B59DE0700389236 /* Release */ = {
			isa = XCBuildConfiguration;
			buildSettings = {
				ASSETCATALOG_COMPILER_APPICON_NAME = AppIcon;
				INFOPLIST_FILE = jump/Info.plist;
				LD_RUNPATH_SEARCH_PATHS = "$(inherited) @executable_path/Frameworks";
				PRODUCT_NAME = "$(TARGET_NAME)";
			};
			name = Release;
		};
		D070232D1B59DE0700389236 /* Debug */ = {
			isa = XCBuildConfiguration;
			buildSettings = {
				BUNDLE_LOADER = "$(TEST_HOST)";
				FRAMEWORK_SEARCH_PATHS = (
					"$(SDKROOT)/Developer/Library/Frameworks",
					"$(inherited)",
				);
				GCC_PREPROCESSOR_DEFINITIONS = (
					"DEBUG=1",
					"$(inherited)",
				);
				INFOPLIST_FILE = jumpTests/Info.plist;
				LD_RUNPATH_SEARCH_PATHS = "$(inherited) @executable_path/Frameworks @loader_path/Frameworks";
				PRODUCT_NAME = "$(TARGET_NAME)";
				TEST_HOST = "$(BUILT_PRODUCTS_DIR)/jump.app/jump";
			};
			name = Debug;
		};
		D070232E1B59DE0700389236 /* Release */ = {
			isa = XCBuildConfiguration;
			buildSettings = {
				BUNDLE_LOADER = "$(TEST_HOST)";
				FRAMEWORK_SEARCH_PATHS = (
					"$(SDKROOT)/Developer/Library/Frameworks",
					"$(inherited)",
				);
				INFOPLIST_FILE = jumpTests/Info.plist;
				LD_RUNPATH_SEARCH_PATHS = "$(inherited) @executable_path/Frameworks @loader_path/Frameworks";
				PRODUCT_NAME = "$(TARGET_NAME)";
				TEST_HOST = "$(BUILT_PRODUCTS_DIR)/jump.app/jump";
			};
			name = Release;
		};
/* End XCBuildConfiguration section */

/* Begin XCConfigurationList section */
		D07023011B59DE0700389236 /* Build configuration list for PBXProject "jump" */ = {
			isa = XCConfigurationList;
			buildConfigurations = (
				D07023271B59DE0700389236 /* Debug */,
				D07023281B59DE0700389236 /* Release */,
			);
			defaultConfigurationIsVisible = 0;
			defaultConfigurationName = Release;
		};
		D07023291B59DE0700389236 /* Build configuration list for PBXNativeTarget "jump" */ = {
			isa = XCConfigurationList;
			buildConfigurations = (
				D070232A1B59DE0700389236 /* Debug */,
				D070232B1B59DE0700389236 /* Release */,
			);
			defaultConfigurationIsVisible = 0;
		};
		D070232C1B59DE0700389236 /* Build configuration list for PBXNativeTarget "jumpTests" */ = {
			isa = XCConfigurationList;
			buildConfigurations = (
				D070232D1B59DE0700389236 /* Debug */,
				D070232E1B59DE0700389236 /* Release */,
			);
			defaultConfigurationIsVisible = 0;
		};
/* End XCConfigurationList section */
	};
	rootObject = D07022FE1B59DE0700389236 /* Project object */;
}
