// !$*UTF8*$!
{
	archiveVersion = 1;
	classes = {
	};
	objectVersion = 46;
	objects = {

/* Begin PBXBuildFile section */
		D0E90A641B50A8B9009E81C5 /* AppDelegate.m in Sources */ = {isa = PBXBuildFile; fileRef = D0E90A631B50A8B9009E81C5 /* AppDelegate.m */; };
		D0E90A661B50A8B9009E81C5 /* main.m in Sources */ = {isa = PBXBuildFile; fileRef = D0E90A651B50A8B9009E81C5 /* main.m */; };
		D0E90A691B50A8B9009E81C5 /* ViewController.m in Sources */ = {isa = PBXBuildFile; fileRef = D0E90A681B50A8B9009E81C5 /* ViewController.m */; };
		D0E90A6B1B50A8B9009E81C5 /* Images.xcassets in Resources */ = {isa = PBXBuildFile; fileRef = D0E90A6A1B50A8B9009E81C5 /* Images.xcassets */; };
		D0E90A6E1B50A8B9009E81C5 /* Main.storyboard in Resources */ = {isa = PBXBuildFile; fileRef = D0E90A6C1B50A8B9009E81C5 /* Main.storyboard */; };
		D0E90A7A1B50A8B9009E81C5 /* cocoTests.m in Sources */ = {isa = PBXBuildFile; fileRef = D0E90A791B50A8B9009E81C5 /* cocoTests.m */; };
/* End PBXBuildFile section */

/* Begin PBXContainerItemProxy section */
		D0E90A741B50A8B9009E81C5 /* PBXContainerItemProxy */ = {
			isa = PBXContainerItemProxy;
			containerPortal = D0E90A551B50A8B9009E81C5 /* Project object */;
			proxyType = 1;
			remoteGlobalIDString = D0E90A5C1B50A8B9009E81C5;
			remoteInfo = coco;
		};
/* End PBXContainerItemProxy section */

/* Begin PBXFileReference section */
		D0E90A5D1B50A8B9009E81C5 /* coco.app */ = {isa = PBXFileReference; explicitFileType = wrapper.application; includeInIndex = 0; path = coco.app; sourceTree = BUILT_PRODUCTS_DIR; };
		D0E90A611B50A8B9009E81C5 /* Info.plist */ = {isa = PBXFileReference; lastKnownFileType = text.plist.xml; path = Info.plist; sourceTree = "<group>"; };
		D0E90A621B50A8B9009E81C5 /* AppDelegate.h */ = {isa = PBXFileReference; lastKnownFileType = sourcecode.c.h; path = AppDelegate.h; sourceTree = "<group>"; };
		D0E90A631B50A8B9009E81C5 /* AppDelegate.m */ = {isa = PBXFileReference; lastKnownFileType = sourcecode.c.objc; path = AppDelegate.m; sourceTree = "<group>"; };
		D0E90A651B50A8B9009E81C5 /* main.m */ = {isa = PBXFileReference; lastKnownFileType = sourcecode.c.objc; path = main.m; sourceTree = "<group>"; };
		D0E90A671B50A8B9009E81C5 /* ViewController.h */ = {isa = PBXFileReference; lastKnownFileType = sourcecode.c.h; path = ViewController.h; sourceTree = "<group>"; };
		D0E90A681B50A8B9009E81C5 /* ViewController.m */ = {isa = PBXFileReference; lastKnownFileType = sourcecode.c.objc; path = ViewController.m; sourceTree = "<group>"; };
		D0E90A6A1B50A8B9009E81C5 /* Images.xcassets */ = {isa = PBXFileReference; lastKnownFileType = folder.assetcatalog; path = Images.xcassets; sourceTree = "<group>"; };
		D0E90A6D1B50A8B9009E81C5 /* Base */ = {isa = PBXFileReference; lastKnownFileType = file.storyboard; name = Base; path = Base.lproj/Main.storyboard; sourceTree = "<group>"; };
		D0E90A731B50A8B9009E81C5 /* cocoTests.xctest */ = {isa = PBXFileReference; explicitFileType = wrapper.cfbundle; includeInIndex = 0; path = cocoTests.xctest; sourceTree = BUILT_PRODUCTS_DIR; };
		D0E90A781B50A8B9009E81C5 /* Info.plist */ = {isa = PBXFileReference; lastKnownFileType = text.plist.xml; path = Info.plist; sourceTree = "<group>"; };
		D0E90A791B50A8B9009E81C5 /* cocoTests.m */ = {isa = PBXFileReference; lastKnownFileType = sourcecode.c.objc; path = cocoTests.m; sourceTree = "<group>"; };
/* End PBXFileReference section */

/* Begin PBXFrameworksBuildPhase section */
		D0E90A5A1B50A8B9009E81C5 /* Frameworks */ = {
			isa = PBXFrameworksBuildPhase;
			buildActionMask = 2147483647;
			files = (
			);
			runOnlyForDeploymentPostprocessing = 0;
		};
		D0E90A701B50A8B9009E81C5 /* Frameworks */ = {
			isa = PBXFrameworksBuildPhase;
			buildActionMask = 2147483647;
			files = (
			);
			runOnlyForDeploymentPostprocessing = 0;
		};
/* End PBXFrameworksBuildPhase section */

/* Begin PBXGroup section */
		D0E90A541B50A8B9009E81C5 = {
			isa = PBXGroup;
			children = (
				D0E90A5F1B50A8B9009E81C5 /* coco */,
				D0E90A761B50A8B9009E81C5 /* cocoTests */,
				D0E90A5E1B50A8B9009E81C5 /* Products */,
			);
			sourceTree = "<group>";
		};
		D0E90A5E1B50A8B9009E81C5 /* Products */ = {
			isa = PBXGroup;
			children = (
				D0E90A5D1B50A8B9009E81C5 /* coco.app */,
				D0E90A731B50A8B9009E81C5 /* cocoTests.xctest */,
			);
			name = Products;
			sourceTree = "<group>";
		};
		D0E90A5F1B50A8B9009E81C5 /* coco */ = {
			isa = PBXGroup;
			children = (
				D0E90A621B50A8B9009E81C5 /* AppDelegate.h */,
				D0E90A631B50A8B9009E81C5 /* AppDelegate.m */,
				D0E90A671B50A8B9009E81C5 /* ViewController.h */,
				D0E90A681B50A8B9009E81C5 /* ViewController.m */,
				D0E90A6A1B50A8B9009E81C5 /* Images.xcassets */,
				D0E90A6C1B50A8B9009E81C5 /* Main.storyboard */,
				D0E90A601B50A8B9009E81C5 /* Supporting Files */,
			);
			path = coco;
			sourceTree = "<group>";
		};
		D0E90A601B50A8B9009E81C5 /* Supporting Files */ = {
			isa = PBXGroup;
			children = (
				D0E90A611B50A8B9009E81C5 /* Info.plist */,
				D0E90A651B50A8B9009E81C5 /* main.m */,
			);
			name = "Supporting Files";
			sourceTree = "<group>";
		};
		D0E90A761B50A8B9009E81C5 /* cocoTests */ = {
			isa = PBXGroup;
			children = (
				D0E90A791B50A8B9009E81C5 /* cocoTests.m */,
				D0E90A771B50A8B9009E81C5 /* Supporting Files */,
			);
			path = cocoTests;
			sourceTree = "<group>";
		};
		D0E90A771B50A8B9009E81C5 /* Supporting Files */ = {
			isa = PBXGroup;
			children = (
				D0E90A781B50A8B9009E81C5 /* Info.plist */,
			);
			name = "Supporting Files";
			sourceTree = "<group>";
		};
/* End PBXGroup section */

/* Begin PBXNativeTarget section */
		D0E90A5C1B50A8B9009E81C5 /* coco */ = {
			isa = PBXNativeTarget;
			buildConfigurationList = D0E90A7D1B50A8B9009E81C5 /* Build configuration list for PBXNativeTarget "coco" */;
			buildPhases = (
				D0E90A591B50A8B9009E81C5 /* Sources */,
				D0E90A5A1B50A8B9009E81C5 /* Frameworks */,
				D0E90A5B1B50A8B9009E81C5 /* Resources */,
			);
			buildRules = (
			);
			dependencies = (
			);
			name = coco;
			productName = coco;
			productReference = D0E90A5D1B50A8B9009E81C5 /* coco.app */;
			productType = "com.apple.product-type.application";
		};
		D0E90A721B50A8B9009E81C5 /* cocoTests */ = {
			isa = PBXNativeTarget;
			buildConfigurationList = D0E90A801B50A8B9009E81C5 /* Build configuration list for PBXNativeTarget "cocoTests" */;
			buildPhases = (
				D0E90A6F1B50A8B9009E81C5 /* Sources */,
				D0E90A701B50A8B9009E81C5 /* Frameworks */,
				D0E90A711B50A8B9009E81C5 /* Resources */,
			);
			buildRules = (
			);
			dependencies = (
				D0E90A751B50A8B9009E81C5 /* PBXTargetDependency */,
			);
			name = cocoTests;
			productName = cocoTests;
			productReference = D0E90A731B50A8B9009E81C5 /* cocoTests.xctest */;
			productType = "com.apple.product-type.bundle.unit-test";
		};
/* End PBXNativeTarget section */

/* Begin PBXProject section */
		D0E90A551B50A8B9009E81C5 /* Project object */ = {
			isa = PBXProject;
			attributes = {
				LastUpgradeCheck = 0630;
				ORGANIZATIONNAME = home;
				TargetAttributes = {
					D0E90A5C1B50A8B9009E81C5 = {
						CreatedOnToolsVersion = 6.3.2;
					};
					D0E90A721B50A8B9009E81C5 = {
						CreatedOnToolsVersion = 6.3.2;
						TestTargetID = D0E90A5C1B50A8B9009E81C5;
					};
				};
			};
			buildConfigurationList = D0E90A581B50A8B9009E81C5 /* Build configuration list for PBXProject "coco" */;
			compatibilityVersion = "Xcode 3.2";
			developmentRegion = English;
			hasScannedForEncodings = 0;
			knownRegions = (
				en,
				Base,
			);
			mainGroup = D0E90A541B50A8B9009E81C5;
			productRefGroup = D0E90A5E1B50A8B9009E81C5 /* Products */;
			projectDirPath = "";
			projectRoot = "";
			targets = (
				D0E90A5C1B50A8B9009E81C5 /* coco */,
				D0E90A721B50A8B9009E81C5 /* cocoTests */,
			);
		};
/* End PBXProject section */

/* Begin PBXResourcesBuildPhase section */
		D0E90A5B1B50A8B9009E81C5 /* Resources */ = {
			isa = PBXResourcesBuildPhase;
			buildActionMask = 2147483647;
			files = (
				D0E90A6B1B50A8B9009E81C5 /* Images.xcassets in Resources */,
				D0E90A6E1B50A8B9009E81C5 /* Main.storyboard in Resources */,
			);
			runOnlyForDeploymentPostprocessing = 0;
		};
		D0E90A711B50A8B9009E81C5 /* Resources */ = {
			isa = PBXResourcesBuildPhase;
			buildActionMask = 2147483647;
			files = (
			);
			runOnlyForDeploymentPostprocessing = 0;
		};
/* End PBXResourcesBuildPhase section */

/* Begin PBXSourcesBuildPhase section */
		D0E90A591B50A8B9009E81C5 /* Sources */ = {
			isa = PBXSourcesBuildPhase;
			buildActionMask = 2147483647;
			files = (
				D0E90A691B50A8B9009E81C5 /* ViewController.m in Sources */,
				D0E90A661B50A8B9009E81C5 /* main.m in Sources */,
				D0E90A641B50A8B9009E81C5 /* AppDelegate.m in Sources */,
			);
			runOnlyForDeploymentPostprocessing = 0;
		};
		D0E90A6F1B50A8B9009E81C5 /* Sources */ = {
			isa = PBXSourcesBuildPhase;
			buildActionMask = 2147483647;
			files = (
				D0E90A7A1B50A8B9009E81C5 /* cocoTests.m in Sources */,
			);
			runOnlyForDeploymentPostprocessing = 0;
		};
/* End PBXSourcesBuildPhase section */

/* Begin PBXTargetDependency section */
		D0E90A751B50A8B9009E81C5 /* PBXTargetDependency */ = {
			isa = PBXTargetDependency;
			target = D0E90A5C1B50A8B9009E81C5 /* coco */;
			targetProxy = D0E90A741B50A8B9009E81C5 /* PBXContainerItemProxy */;
		};
/* End PBXTargetDependency section */

/* Begin PBXVariantGroup section */
		D0E90A6C1B50A8B9009E81C5 /* Main.storyboard */ = {
			isa = PBXVariantGroup;
			children = (
				D0E90A6D1B50A8B9009E81C5 /* Base */,
			);
			name = Main.storyboard;
			sourceTree = "<group>";
		};
/* End PBXVariantGroup section */

/* Begin XCBuildConfiguration section */
		D0E90A7B1B50A8B9009E81C5 /* Debug */ = {
			isa = XCBuildConfiguration;
			buildSettings = {
				ALWAYS_SEARCH_USER_PATHS = NO;
				CLANG_CXX_LANGUAGE_STANDARD = "gnu++0x";
				CLANG_CXX_LIBRARY = "libc++";
				CLANG_ENABLE_MODULES = YES;
				CLANG_ENABLE_OBJC_ARC = YES;
				CLANG_WARN_BOOL_CONVERSION = YES;
				CLANG_WARN_CONSTANT_CONVERSION = YES;
				CLANG_WARN_DIRECT_OBJC_ISA_USAGE = YES_ERROR;
				CLANG_WARN_EMPTY_BODY = YES;
				CLANG_WARN_ENUM_CONVERSION = YES;
				CLANG_WARN_INT_CONVERSION = YES;
				CLANG_WARN_OBJC_ROOT_CLASS = YES_ERROR;
				CLANG_WARN_UNREACHABLE_CODE = YES;
				CLANG_WARN__DUPLICATE_METHOD_MATCH = YES;
				CODE_SIGN_IDENTITY = "-";
				COPY_PHASE_STRIP = NO;
				DEBUG_INFORMATION_FORMAT = dwarf;
				ENABLE_STRICT_OBJC_MSGSEND = YES;
				GCC_C_LANGUAGE_STANDARD = gnu99;
				GCC_DYNAMIC_NO_PIC = NO;
				GCC_NO_COMMON_BLOCKS = YES;
				GCC_OPTIMIZATION_LEVEL = 0;
				GCC_PREPROCESSOR_DEFINITIONS = (
					"DEBUG=1",
					"$(inherited)",
				);
				GCC_SYMBOLS_PRIVATE_EXTERN = NO;
				GCC_WARN_64_TO_32_BIT_CONVERSION = YES;
				GCC_WARN_ABOUT_RETURN_TYPE = YES_ERROR;
				GCC_WARN_UNDECLARED_SELECTOR = YES;
				GCC_WARN_UNINITIALIZED_AUTOS = YES_AGGRESSIVE;
				GCC_WARN_UNUSED_FUNCTION = YES;
				GCC_WARN_UNUSED_VARIABLE = YES;
				MACOSX_DEPLOYMENT_TARGET = 10.10;
				MTL_ENABLE_DEBUG_INFO = YES;
				ONLY_ACTIVE_ARCH = YES;
				SDKROOT = macosx;
			};
			name = Debug;
		};
		D0E90A7C1B50A8B9009E81C5 /* Release */ = {
			isa = XCBuildConfiguration;
			buildSettings = {
				ALWAYS_SEARCH_USER_PATHS = NO;
				CLANG_CXX_LANGUAGE_STANDARD = "gnu++0x";
				CLANG_CXX_LIBRARY = "libc++";
				CLANG_ENABLE_MODULES = YES;
				CLANG_ENABLE_OBJC_ARC = YES;
				CLANG_WARN_BOOL_CONVERSION = YES;
				CLANG_WARN_CONSTANT_CONVERSION = YES;
				CLANG_WARN_DIRECT_OBJC_ISA_USAGE = YES_ERROR;
				CLANG_WARN_EMPTY_BODY = YES;
				CLANG_WARN_ENUM_CONVERSION = YES;
				CLANG_WARN_INT_CONVERSION = YES;
				CLANG_WARN_OBJC_ROOT_CLASS = YES_ERROR;
				CLANG_WARN_UNREACHABLE_CODE = YES;
				CLANG_WARN__DUPLICATE_METHOD_MATCH = YES;
				CODE_SIGN_IDENTITY = "-";
				COPY_PHASE_STRIP = NO;
				DEBUG_INFORMATION_FORMAT = "dwarf-with-dsym";
				ENABLE_NS_ASSERTIONS = NO;
				ENABLE_STRICT_OBJC_MSGSEND = YES;
				GCC_C_LANGUAGE_STANDARD = gnu99;
				GCC_NO_COMMON_BLOCKS = YES;
				GCC_WARN_64_TO_32_BIT_CONVERSION = YES;
				GCC_WARN_ABOUT_RETURN_TYPE = YES_ERROR;
				GCC_WARN_UNDECLARED_SELECTOR = YES;
				GCC_WARN_UNINITIALIZED_AUTOS = YES_AGGRESSIVE;
				GCC_WARN_UNUSED_FUNCTION = YES;
				GCC_WARN_UNUSED_VARIABLE = YES;
				MACOSX_DEPLOYMENT_TARGET = 10.10;
				MTL_ENABLE_DEBUG_INFO = NO;
				SDKROOT = macosx;
			};
			name = Release;
		};
		D0E90A7E1B50A8B9009E81C5 /* Debug */ = {
			isa = XCBuildConfiguration;
			buildSettings = {
				ASSETCATALOG_COMPILER_APPICON_NAME = AppIcon;
				COMBINE_HIDPI_IMAGES = YES;
				INFOPLIST_FILE = coco/Info.plist;
				LD_RUNPATH_SEARCH_PATHS = "$(inherited) @executable_path/../Frameworks";
				PRODUCT_NAME = "$(TARGET_NAME)";
			};
			name = Debug;
		};
		D0E90A7F1B50A8B9009E81C5 /* Release */ = {
			isa = XCBuildConfiguration;
			buildSettings = {
				ASSETCATALOG_COMPILER_APPICON_NAME = AppIcon;
				COMBINE_HIDPI_IMAGES = YES;
				INFOPLIST_FILE = coco/Info.plist;
				LD_RUNPATH_SEARCH_PATHS = "$(inherited) @executable_path/../Frameworks";
				PRODUCT_NAME = "$(TARGET_NAME)";
			};
			name = Release;
		};
		D0E90A811B50A8B9009E81C5 /* Debug */ = {
			isa = XCBuildConfiguration;
			buildSettings = {
				BUNDLE_LOADER = "$(TEST_HOST)";
				COMBINE_HIDPI_IMAGES = YES;
				FRAMEWORK_SEARCH_PATHS = (
					"$(DEVELOPER_FRAMEWORKS_DIR)",
					"$(inherited)",
				);
				GCC_PREPROCESSOR_DEFINITIONS = (
					"DEBUG=1",
					"$(inherited)",
				);
				INFOPLIST_FILE = cocoTests/Info.plist;
				LD_RUNPATH_SEARCH_PATHS = "$(inherited) @executable_path/../Frameworks @loader_path/../Frameworks";
				PRODUCT_NAME = "$(TARGET_NAME)";
				TEST_HOST = "$(BUILT_PRODUCTS_DIR)/coco.app/Contents/MacOS/coco";
			};
			name = Debug;
		};
		D0E90A821B50A8B9009E81C5 /* Release */ = {
			isa = XCBuildConfiguration;
			buildSettings = {
				BUNDLE_LOADER = "$(TEST_HOST)";
				COMBINE_HIDPI_IMAGES = YES;
				FRAMEWORK_SEARCH_PATHS = (
					"$(DEVELOPER_FRAMEWORKS_DIR)",
					"$(inherited)",
				);
				INFOPLIST_FILE = cocoTests/Info.plist;
				LD_RUNPATH_SEARCH_PATHS = "$(inherited) @executable_path/../Frameworks @loader_path/../Frameworks";
				PRODUCT_NAME = "$(TARGET_NAME)";
				TEST_HOST = "$(BUILT_PRODUCTS_DIR)/coco.app/Contents/MacOS/coco";
			};
			name = Release;
		};
/* End XCBuildConfiguration section */

/* Begin XCConfigurationList section */
		D0E90A581B50A8B9009E81C5 /* Build configuration list for PBXProject "coco" */ = {
			isa = XCConfigurationList;
			buildConfigurations = (
				D0E90A7B1B50A8B9009E81C5 /* Debug */,
				D0E90A7C1B50A8B9009E81C5 /* Release */,
			);
			defaultConfigurationIsVisible = 0;
			defaultConfigurationName = Release;
		};
		D0E90A7D1B50A8B9009E81C5 /* Build configuration list for PBXNativeTarget "coco" */ = {
			isa = XCConfigurationList;
			buildConfigurations = (
				D0E90A7E1B50A8B9009E81C5 /* Debug */,
				D0E90A7F1B50A8B9009E81C5 /* Release */,
			);
			defaultConfigurationIsVisible = 0;
		};
		D0E90A801B50A8B9009E81C5 /* Build configuration list for PBXNativeTarget "cocoTests" */ = {
			isa = XCConfigurationList;
			buildConfigurations = (
				D0E90A811B50A8B9009E81C5 /* Debug */,
				D0E90A821B50A8B9009E81C5 /* Release */,
			);
			defaultConfigurationIsVisible = 0;
		};
/* End XCConfigurationList section */
	};
	rootObject = D0E90A551B50A8B9009E81C5 /* Project object */;
}
