// !$*UTF8*$!
{
	archiveVersion = 1;
	classes = {
	};
	objectVersion = 46;
	objects = {

/* Begin PBXBuildFile section */
		D026026A1ABD06AB006FD71A /* main.m in Sources */ = {isa = PBXBuildFile; fileRef = D02602691ABD06AB006FD71A /* main.m */; };
		D026026D1ABD06AB006FD71A /* AppDelegate.m in Sources */ = {isa = PBXBuildFile; fileRef = D026026C1ABD06AB006FD71A /* AppDelegate.m */; };
		D02602701ABD06AB006FD71A /* ViewController.m in Sources */ = {isa = PBXBuildFile; fileRef = D026026F1ABD06AB006FD71A /* ViewController.m */; };
		D02602731ABD06AB006FD71A /* Main.storyboard in Resources */ = {isa = PBXBuildFile; fileRef = D02602711ABD06AB006FD71A /* Main.storyboard */; };
		D02602751ABD06AB006FD71A /* Images.xcassets in Resources */ = {isa = PBXBuildFile; fileRef = D02602741ABD06AB006FD71A /* Images.xcassets */; };
		D02602781ABD06AB006FD71A /* LaunchScreen.xib in Resources */ = {isa = PBXBuildFile; fileRef = D02602761ABD06AB006FD71A /* LaunchScreen.xib */; };
		D02602841ABD06AB006FD71A /* Me_Switch_slider_segmentedcontrolsampleTests.m in Sources */ = {isa = PBXBuildFile; fileRef = D02602831ABD06AB006FD71A /* Me_Switch_slider_segmentedcontrolsampleTests.m */; };
/* End PBXBuildFile section */

/* Begin PBXContainerItemProxy section */
		D026027E1ABD06AB006FD71A /* PBXContainerItemProxy */ = {
			isa = PBXContainerItemProxy;
			containerPortal = D026025C1ABD06AB006FD71A /* Project object */;
			proxyType = 1;
			remoteGlobalIDString = D02602631ABD06AB006FD71A;
			remoteInfo = Me_Switch_slider_segmentedcontrolsample;
		};
/* End PBXContainerItemProxy section */

/* Begin PBXFileReference section */
		D02602641ABD06AB006FD71A /* Me_Switch_slider_segmentedcontrolsample.app */ = {isa = PBXFileReference; explicitFileType = wrapper.application; includeInIndex = 0; path = Me_Switch_slider_segmentedcontrolsample.app; sourceTree = BUILT_PRODUCTS_DIR; };
		D02602681ABD06AB006FD71A /* Info.plist */ = {isa = PBXFileReference; lastKnownFileType = text.plist.xml; path = Info.plist; sourceTree = "<group>"; };
		D02602691ABD06AB006FD71A /* main.m */ = {isa = PBXFileReference; lastKnownFileType = sourcecode.c.objc; path = main.m; sourceTree = "<group>"; };
		D026026B1ABD06AB006FD71A /* AppDelegate.h */ = {isa = PBXFileReference; lastKnownFileType = sourcecode.c.h; path = AppDelegate.h; sourceTree = "<group>"; };
		D026026C1ABD06AB006FD71A /* AppDelegate.m */ = {isa = PBXFileReference; lastKnownFileType = sourcecode.c.objc; path = AppDelegate.m; sourceTree = "<group>"; };
		D026026E1ABD06AB006FD71A /* ViewController.h */ = {isa = PBXFileReference; lastKnownFileType = sourcecode.c.h; path = ViewController.h; sourceTree = "<group>"; };
		D026026F1ABD06AB006FD71A /* ViewController.m */ = {isa = PBXFileReference; lastKnownFileType = sourcecode.c.objc; path = ViewController.m; sourceTree = "<group>"; };
		D02602721ABD06AB006FD71A /* Base */ = {isa = PBXFileReference; lastKnownFileType = file.storyboard; name = Base; path = Base.lproj/Main.storyboard; sourceTree = "<group>"; };
		D02602741ABD06AB006FD71A /* Images.xcassets */ = {isa = PBXFileReference; lastKnownFileType = folder.assetcatalog; path = Images.xcassets; sourceTree = "<group>"; };
		D02602771ABD06AB006FD71A /* Base */ = {isa = PBXFileReference; lastKnownFileType = file.xib; name = Base; path = Base.lproj/LaunchScreen.xib; sourceTree = "<group>"; };
		D026027D1ABD06AB006FD71A /* Me_Switch_slider_segmentedcontrolsampleTests.xctest */ = {isa = PBXFileReference; explicitFileType = wrapper.cfbundle; includeInIndex = 0; path = Me_Switch_slider_segmentedcontrolsampleTests.xctest; sourceTree = BUILT_PRODUCTS_DIR; };
		D02602821ABD06AB006FD71A /* Info.plist */ = {isa = PBXFileReference; lastKnownFileType = text.plist.xml; path = Info.plist; sourceTree = "<group>"; };
		D02602831ABD06AB006FD71A /* Me_Switch_slider_segmentedcontrolsampleTests.m */ = {isa = PBXFileReference; lastKnownFileType = sourcecode.c.objc; path = Me_Switch_slider_segmentedcontrolsampleTests.m; sourceTree = "<group>"; };
/* End PBXFileReference section */

/* Begin PBXFrameworksBuildPhase section */
		D02602611ABD06AB006FD71A /* Frameworks */ = {
			isa = PBXFrameworksBuildPhase;
			buildActionMask = 2147483647;
			files = (
			);
			runOnlyForDeploymentPostprocessing = 0;
		};
		D026027A1ABD06AB006FD71A /* Frameworks */ = {
			isa = PBXFrameworksBuildPhase;
			buildActionMask = 2147483647;
			files = (
			);
			runOnlyForDeploymentPostprocessing = 0;
		};
/* End PBXFrameworksBuildPhase section */

/* Begin PBXGroup section */
		D026025B1ABD06AB006FD71A = {
			isa = PBXGroup;
			children = (
				D02602661ABD06AB006FD71A /* Me_Switch_slider_segmentedcontrolsample */,
				D02602801ABD06AB006FD71A /* Me_Switch_slider_segmentedcontrolsampleTests */,
				D02602651ABD06AB006FD71A /* Products */,
			);
			sourceTree = "<group>";
		};
		D02602651ABD06AB006FD71A /* Products */ = {
			isa = PBXGroup;
			children = (
				D02602641ABD06AB006FD71A /* Me_Switch_slider_segmentedcontrolsample.app */,
				D026027D1ABD06AB006FD71A /* Me_Switch_slider_segmentedcontrolsampleTests.xctest */,
			);
			name = Products;
			sourceTree = "<group>";
		};
		D02602661ABD06AB006FD71A /* Me_Switch_slider_segmentedcontrolsample */ = {
			isa = PBXGroup;
			children = (
				D026026B1ABD06AB006FD71A /* AppDelegate.h */,
				D026026C1ABD06AB006FD71A /* AppDelegate.m */,
				D026026E1ABD06AB006FD71A /* ViewController.h */,
				D026026F1ABD06AB006FD71A /* ViewController.m */,
				D02602711ABD06AB006FD71A /* Main.storyboard */,
				D02602741ABD06AB006FD71A /* Images.xcassets */,
				D02602761ABD06AB006FD71A /* LaunchScreen.xib */,
				D02602671ABD06AB006FD71A /* Supporting Files */,
			);
			path = Me_Switch_slider_segmentedcontrolsample;
			sourceTree = "<group>";
		};
		D02602671ABD06AB006FD71A /* Supporting Files */ = {
			isa = PBXGroup;
			children = (
				D02602681ABD06AB006FD71A /* Info.plist */,
				D02602691ABD06AB006FD71A /* main.m */,
			);
			name = "Supporting Files";
			sourceTree = "<group>";
		};
		D02602801ABD06AB006FD71A /* Me_Switch_slider_segmentedcontrolsampleTests */ = {
			isa = PBXGroup;
			children = (
				D02602831ABD06AB006FD71A /* Me_Switch_slider_segmentedcontrolsampleTests.m */,
				D02602811ABD06AB006FD71A /* Supporting Files */,
			);
			path = Me_Switch_slider_segmentedcontrolsampleTests;
			sourceTree = "<group>";
		};
		D02602811ABD06AB006FD71A /* Supporting Files */ = {
			isa = PBXGroup;
			children = (
				D02602821ABD06AB006FD71A /* Info.plist */,
			);
			name = "Supporting Files";
			sourceTree = "<group>";
		};
/* End PBXGroup section */

/* Begin PBXNativeTarget section */
		D02602631ABD06AB006FD71A /* Me_Switch_slider_segmentedcontrolsample */ = {
			isa = PBXNativeTarget;
			buildConfigurationList = D02602871ABD06AB006FD71A /* Build configuration list for PBXNativeTarget "Me_Switch_slider_segmentedcontrolsample" */;
			buildPhases = (
				D02602601ABD06AB006FD71A /* Sources */,
				D02602611ABD06AB006FD71A /* Frameworks */,
				D02602621ABD06AB006FD71A /* Resources */,
			);
			buildRules = (
			);
			dependencies = (
			);
			name = Me_Switch_slider_segmentedcontrolsample;
			productName = Me_Switch_slider_segmentedcontrolsample;
			productReference = D02602641ABD06AB006FD71A /* Me_Switch_slider_segmentedcontrolsample.app */;
			productType = "com.apple.product-type.application";
		};
		D026027C1ABD06AB006FD71A /* Me_Switch_slider_segmentedcontrolsampleTests */ = {
			isa = PBXNativeTarget;
			buildConfigurationList = D026028A1ABD06AB006FD71A /* Build configuration list for PBXNativeTarget "Me_Switch_slider_segmentedcontrolsampleTests" */;
			buildPhases = (
				D02602791ABD06AB006FD71A /* Sources */,
				D026027A1ABD06AB006FD71A /* Frameworks */,
				D026027B1ABD06AB006FD71A /* Resources */,
			);
			buildRules = (
			);
			dependencies = (
				D026027F1ABD06AB006FD71A /* PBXTargetDependency */,
			);
			name = Me_Switch_slider_segmentedcontrolsampleTests;
			productName = Me_Switch_slider_segmentedcontrolsampleTests;
			productReference = D026027D1ABD06AB006FD71A /* Me_Switch_slider_segmentedcontrolsampleTests.xctest */;
			productType = "com.apple.product-type.bundle.unit-test";
		};
/* End PBXNativeTarget section */

/* Begin PBXProject section */
		D026025C1ABD06AB006FD71A /* Project object */ = {
			isa = PBXProject;
			attributes = {
				LastUpgradeCheck = 0610;
				ORGANIZATIONNAME = home;
				TargetAttributes = {
					D02602631ABD06AB006FD71A = {
						CreatedOnToolsVersion = 6.1;
					};
					D026027C1ABD06AB006FD71A = {
						CreatedOnToolsVersion = 6.1;
						TestTargetID = D02602631ABD06AB006FD71A;
					};
				};
			};
			buildConfigurationList = D026025F1ABD06AB006FD71A /* Build configuration list for PBXProject "Me_Switch_slider_segmentedcontrolsample" */;
			compatibilityVersion = "Xcode 3.2";
			developmentRegion = English;
			hasScannedForEncodings = 0;
			knownRegions = (
				en,
				Base,
			);
			mainGroup = D026025B1ABD06AB006FD71A;
			productRefGroup = D02602651ABD06AB006FD71A /* Products */;
			projectDirPath = "";
			projectRoot = "";
			targets = (
				D02602631ABD06AB006FD71A /* Me_Switch_slider_segmentedcontrolsample */,
				D026027C1ABD06AB006FD71A /* Me_Switch_slider_segmentedcontrolsampleTests */,
			);
		};
/* End PBXProject section */

/* Begin PBXResourcesBuildPhase section */
		D02602621ABD06AB006FD71A /* Resources */ = {
			isa = PBXResourcesBuildPhase;
			buildActionMask = 2147483647;
			files = (
				D02602731ABD06AB006FD71A /* Main.storyboard in Resources */,
				D02602781ABD06AB006FD71A /* LaunchScreen.xib in Resources */,
				D02602751ABD06AB006FD71A /* Images.xcassets in Resources */,
			);
			runOnlyForDeploymentPostprocessing = 0;
		};
		D026027B1ABD06AB006FD71A /* Resources */ = {
			isa = PBXResourcesBuildPhase;
			buildActionMask = 2147483647;
			files = (
			);
			runOnlyForDeploymentPostprocessing = 0;
		};
/* End PBXResourcesBuildPhase section */

/* Begin PBXSourcesBuildPhase section */
		D02602601ABD06AB006FD71A /* Sources */ = {
			isa = PBXSourcesBuildPhase;
			buildActionMask = 2147483647;
			files = (
				D02602701ABD06AB006FD71A /* ViewController.m in Sources */,
				D026026D1ABD06AB006FD71A /* AppDelegate.m in Sources */,
				D026026A1ABD06AB006FD71A /* main.m in Sources */,
			);
			runOnlyForDeploymentPostprocessing = 0;
		};
		D02602791ABD06AB006FD71A /* Sources */ = {
			isa = PBXSourcesBuildPhase;
			buildActionMask = 2147483647;
			files = (
				D02602841ABD06AB006FD71A /* Me_Switch_slider_segmentedcontrolsampleTests.m in Sources */,
			);
			runOnlyForDeploymentPostprocessing = 0;
		};
/* End PBXSourcesBuildPhase section */

/* Begin PBXTargetDependency section */
		D026027F1ABD06AB006FD71A /* PBXTargetDependency */ = {
			isa = PBXTargetDependency;
			target = D02602631ABD06AB006FD71A /* Me_Switch_slider_segmentedcontrolsample */;
			targetProxy = D026027E1ABD06AB006FD71A /* PBXContainerItemProxy */;
		};
/* End PBXTargetDependency section */

/* Begin PBXVariantGroup section */
		D02602711ABD06AB006FD71A /* Main.storyboard */ = {
			isa = PBXVariantGroup;
			children = (
				D02602721ABD06AB006FD71A /* Base */,
			);
			name = Main.storyboard;
			sourceTree = "<group>";
		};
		D02602761ABD06AB006FD71A /* LaunchScreen.xib */ = {
			isa = PBXVariantGroup;
			children = (
				D02602771ABD06AB006FD71A /* Base */,
			);
			name = LaunchScreen.xib;
			sourceTree = "<group>";
		};
/* End PBXVariantGroup section */

/* Begin XCBuildConfiguration section */
		D02602851ABD06AB006FD71A /* Debug */ = {
			isa = XCBuildConfiguration;
			buildSettings = {
				ALWAYS_SEARCH_USER_PATHS = NO;
				CLANG_CXX_LANGUAGE_STANDARD = "gnu++0x";
				CLANG_CXX_LIBRARY = "libc++";
				CLANG_ENABLE_MODULES = YES;
				CLANG_ENABLE_OBJC_ARC = YES;
				CLANG_WARN_BOOL_CONVERSION = YES;
				CLANG_WARN_CONSTANT_CONVERSION = YES;
				CLANG_WARN_DIRECT_OBJC_ISA_USAGE = YES_ERROR;
				CLANG_WARN_EMPTY_BODY = YES;
				CLANG_WARN_ENUM_CONVERSION = YES;
				CLANG_WARN_INT_CONVERSION = YES;
				CLANG_WARN_OBJC_ROOT_CLASS = YES_ERROR;
				CLANG_WARN_UNREACHABLE_CODE = YES;
				CLANG_WARN__DUPLICATE_METHOD_MATCH = YES;
				"CODE_SIGN_IDENTITY[sdk=iphoneos*]" = "iPhone Developer";
				COPY_PHASE_STRIP = NO;
				ENABLE_STRICT_OBJC_MSGSEND = YES;
				GCC_C_LANGUAGE_STANDARD = gnu99;
				GCC_DYNAMIC_NO_PIC = NO;
				GCC_OPTIMIZATION_LEVEL = 0;
				GCC_PREPROCESSOR_DEFINITIONS = (
					"DEBUG=1",
					"$(inherited)",
				);
				GCC_SYMBOLS_PRIVATE_EXTERN = NO;
				GCC_WARN_64_TO_32_BIT_CONVERSION = YES;
				GCC_WARN_ABOUT_RETURN_TYPE = YES_ERROR;
				GCC_WARN_UNDECLARED_SELECTOR = YES;
				GCC_WARN_UNINITIALIZED_AUTOS = YES_AGGRESSIVE;
				GCC_WARN_UNUSED_FUNCTION = YES;
				GCC_WARN_UNUSED_VARIABLE = YES;
				IPHONEOS_DEPLOYMENT_TARGET = 8.1;
				MTL_ENABLE_DEBUG_INFO = YES;
				ONLY_ACTIVE_ARCH = YES;
				SDKROOT = iphoneos;
			};
			name = Debug;
		};
		D02602861ABD06AB006FD71A /* Release */ = {
			isa = XCBuildConfiguration;
			buildSettings = {
				ALWAYS_SEARCH_USER_PATHS = NO;
				CLANG_CXX_LANGUAGE_STANDARD = "gnu++0x";
				CLANG_CXX_LIBRARY = "libc++";
				CLANG_ENABLE_MODULES = YES;
				CLANG_ENABLE_OBJC_ARC = YES;
				CLANG_WARN_BOOL_CONVERSION = YES;
				CLANG_WARN_CONSTANT_CONVERSION = YES;
				CLANG_WARN_DIRECT_OBJC_ISA_USAGE = YES_ERROR;
				CLANG_WARN_EMPTY_BODY = YES;
				CLANG_WARN_ENUM_CONVERSION = YES;
				CLANG_WARN_INT_CONVERSION = YES;
				CLANG_WARN_OBJC_ROOT_CLASS = YES_ERROR;
				CLANG_WARN_UNREACHABLE_CODE = YES;
				CLANG_WARN__DUPLICATE_METHOD_MATCH = YES;
				"CODE_SIGN_IDENTITY[sdk=iphoneos*]" = "iPhone Developer";
				COPY_PHASE_STRIP = YES;
				ENABLE_NS_ASSERTIONS = NO;
				ENABLE_STRICT_OBJC_MSGSEND = YES;
				GCC_C_LANGUAGE_STANDARD = gnu99;
				GCC_WARN_64_TO_32_BIT_CONVERSION = YES;
				GCC_WARN_ABOUT_RETURN_TYPE = YES_ERROR;
				GCC_WARN_UNDECLARED_SELECTOR = YES;
				GCC_WARN_UNINITIALIZED_AUTOS = YES_AGGRESSIVE;
				GCC_WARN_UNUSED_FUNCTION = YES;
				GCC_WARN_UNUSED_VARIABLE = YES;
				IPHONEOS_DEPLOYMENT_TARGET = 8.1;
				MTL_ENABLE_DEBUG_INFO = NO;
				SDKROOT = iphoneos;
				VALIDATE_PRODUCT = YES;
			};
			name = Release;
		};
		D02602881ABD06AB006FD71A /* Debug */ = {
			isa = XCBuildConfiguration;
			buildSettings = {
				ASSETCATALOG_COMPILER_APPICON_NAME = AppIcon;
				INFOPLIST_FILE = Me_Switch_slider_segmentedcontrolsample/Info.plist;
				LD_RUNPATH_SEARCH_PATHS = "$(inherited) @executable_path/Frameworks";
				PRODUCT_NAME = "$(TARGET_NAME)";
			};
			name = Debug;
		};
		D02602891ABD06AB006FD71A /* Release */ = {
			isa = XCBuildConfiguration;
			buildSettings = {
				ASSETCATALOG_COMPILER_APPICON_NAME = AppIcon;
				INFOPLIST_FILE = Me_Switch_slider_segmentedcontrolsample/Info.plist;
				LD_RUNPATH_SEARCH_PATHS = "$(inherited) @executable_path/Frameworks";
				PRODUCT_NAME = "$(TARGET_NAME)";
			};
			name = Release;
		};
		D026028B1ABD06AB006FD71A /* Debug */ = {
			isa = XCBuildConfiguration;
			buildSettings = {
				BUNDLE_LOADER = "$(TEST_HOST)";
				FRAMEWORK_SEARCH_PATHS = (
					"$(SDKROOT)/Developer/Library/Frameworks",
					"$(inherited)",
				);
				GCC_PREPROCESSOR_DEFINITIONS = (
					"DEBUG=1",
					"$(inherited)",
				);
				INFOPLIST_FILE = Me_Switch_slider_segmentedcontrolsampleTests/Info.plist;
				LD_RUNPATH_SEARCH_PATHS = "$(inherited) @executable_path/Frameworks @loader_path/Frameworks";
				PRODUCT_NAME = "$(TARGET_NAME)";
				TEST_HOST = "$(BUILT_PRODUCTS_DIR)/Me_Switch_slider_segmentedcontrolsample.app/Me_Switch_slider_segmentedcontrolsample";
			};
			name = Debug;
		};
		D026028C1ABD06AB006FD71A /* Release */ = {
			isa = XCBuildConfiguration;
			buildSettings = {
				BUNDLE_LOADER = "$(TEST_HOST)";
				FRAMEWORK_SEARCH_PATHS = (
					"$(SDKROOT)/Developer/Library/Frameworks",
					"$(inherited)",
				);
				INFOPLIST_FILE = Me_Switch_slider_segmentedcontrolsampleTests/Info.plist;
				LD_RUNPATH_SEARCH_PATHS = "$(inherited) @executable_path/Frameworks @loader_path/Frameworks";
				PRODUCT_NAME = "$(TARGET_NAME)";
				TEST_HOST = "$(BUILT_PRODUCTS_DIR)/Me_Switch_slider_segmentedcontrolsample.app/Me_Switch_slider_segmentedcontrolsample";
			};
			name = Release;
		};
/* End XCBuildConfiguration section */

/* Begin XCConfigurationList section */
		D026025F1ABD06AB006FD71A /* Build configuration list for PBXProject "Me_Switch_slider_segmentedcontrolsample" */ = {
			isa = XCConfigurationList;
			buildConfigurations = (
				D02602851ABD06AB006FD71A /* Debug */,
				D02602861ABD06AB006FD71A /* Release */,
			);
			defaultConfigurationIsVisible = 0;
			defaultConfigurationName = Release;
		};
		D02602871ABD06AB006FD71A /* Build configuration list for PBXNativeTarget "Me_Switch_slider_segmentedcontrolsample" */ = {
			isa = XCConfigurationList;
			buildConfigurations = (
				D02602881ABD06AB006FD71A /* Debug */,
				D02602891ABD06AB006FD71A /* Release */,
			);
			defaultConfigurationIsVisible = 0;
		};
		D026028A1ABD06AB006FD71A /* Build configuration list for PBXNativeTarget "Me_Switch_slider_segmentedcontrolsampleTests" */ = {
			isa = XCConfigurationList;
			buildConfigurations = (
				D026028B1ABD06AB006FD71A /* Debug */,
				D026028C1ABD06AB006FD71A /* Release */,
			);
			defaultConfigurationIsVisible = 0;
		};
/* End XCConfigurationList section */
	};
	rootObject = D026025C1ABD06AB006FD71A /* Project object */;
}
