// !$*UTF8*$!
{
	archiveVersion = 1;
	classes = {
	};
	objectVersion = 46;
	objects = {

/* Begin PBXBuildFile section */
		D01ECF191ABE5B6A00C64317 /* main.m in Sources */ = {isa = PBXBuildFile; fileRef = D01ECF181ABE5B6A00C64317 /* main.m */; };
		D01ECF1C1ABE5B6A00C64317 /* AppDelegate.m in Sources */ = {isa = PBXBuildFile; fileRef = D01ECF1B1ABE5B6A00C64317 /* AppDelegate.m */; };
		D01ECF1F1ABE5B6A00C64317 /* ViewController.m in Sources */ = {isa = PBXBuildFile; fileRef = D01ECF1E1ABE5B6A00C64317 /* ViewController.m */; };
		D01ECF221ABE5B6A00C64317 /* Main.storyboard in Resources */ = {isa = PBXBuildFile; fileRef = D01ECF201ABE5B6A00C64317 /* Main.storyboard */; };
		D01ECF241ABE5B6A00C64317 /* Images.xcassets in Resources */ = {isa = PBXBuildFile; fileRef = D01ECF231ABE5B6A00C64317 /* Images.xcassets */; };
		D01ECF271ABE5B6A00C64317 /* LaunchScreen.xib in Resources */ = {isa = PBXBuildFile; fileRef = D01ECF251ABE5B6A00C64317 /* LaunchScreen.xib */; };
		D01ECF331ABE5B6A00C64317 /* Me_Switch_slider_segmentedcontrolsampleTests.m in Sources */ = {isa = PBXBuildFile; fileRef = D01ECF321ABE5B6A00C64317 /* Me_Switch_slider_segmentedcontrolsampleTests.m */; };
/* End PBXBuildFile section */

/* Begin PBXContainerItemProxy section */
		D01ECF2D1ABE5B6A00C64317 /* PBXContainerItemProxy */ = {
			isa = PBXContainerItemProxy;
			containerPortal = D01ECF0B1ABE5B6A00C64317 /* Project object */;
			proxyType = 1;
			remoteGlobalIDString = D01ECF121ABE5B6A00C64317;
			remoteInfo = Me_Switch_slider_segmentedcontrolsample;
		};
/* End PBXContainerItemProxy section */

/* Begin PBXFileReference section */
		D01ECF131ABE5B6A00C64317 /* Me_Switch_slider_segmentedcontrolsample.app */ = {isa = PBXFileReference; explicitFileType = wrapper.application; includeInIndex = 0; path = Me_Switch_slider_segmentedcontrolsample.app; sourceTree = BUILT_PRODUCTS_DIR; };
		D01ECF171ABE5B6A00C64317 /* Info.plist */ = {isa = PBXFileReference; lastKnownFileType = text.plist.xml; path = Info.plist; sourceTree = "<group>"; };
		D01ECF181ABE5B6A00C64317 /* main.m */ = {isa = PBXFileReference; lastKnownFileType = sourcecode.c.objc; path = main.m; sourceTree = "<group>"; };
		D01ECF1A1ABE5B6A00C64317 /* AppDelegate.h */ = {isa = PBXFileReference; lastKnownFileType = sourcecode.c.h; path = AppDelegate.h; sourceTree = "<group>"; };
		D01ECF1B1ABE5B6A00C64317 /* AppDelegate.m */ = {isa = PBXFileReference; lastKnownFileType = sourcecode.c.objc; path = AppDelegate.m; sourceTree = "<group>"; };
		D01ECF1D1ABE5B6A00C64317 /* ViewController.h */ = {isa = PBXFileReference; lastKnownFileType = sourcecode.c.h; path = ViewController.h; sourceTree = "<group>"; };
		D01ECF1E1ABE5B6A00C64317 /* ViewController.m */ = {isa = PBXFileReference; lastKnownFileType = sourcecode.c.objc; path = ViewController.m; sourceTree = "<group>"; };
		D01ECF211ABE5B6A00C64317 /* Base */ = {isa = PBXFileReference; lastKnownFileType = file.storyboard; name = Base; path = Base.lproj/Main.storyboard; sourceTree = "<group>"; };
		D01ECF231ABE5B6A00C64317 /* Images.xcassets */ = {isa = PBXFileReference; lastKnownFileType = folder.assetcatalog; path = Images.xcassets; sourceTree = "<group>"; };
		D01ECF261ABE5B6A00C64317 /* Base */ = {isa = PBXFileReference; lastKnownFileType = file.xib; name = Base; path = Base.lproj/LaunchScreen.xib; sourceTree = "<group>"; };
		D01ECF2C1ABE5B6A00C64317 /* Me_Switch_slider_segmentedcontrolsampleTests.xctest */ = {isa = PBXFileReference; explicitFileType = wrapper.cfbundle; includeInIndex = 0; path = Me_Switch_slider_segmentedcontrolsampleTests.xctest; sourceTree = BUILT_PRODUCTS_DIR; };
		D01ECF311ABE5B6A00C64317 /* Info.plist */ = {isa = PBXFileReference; lastKnownFileType = text.plist.xml; path = Info.plist; sourceTree = "<group>"; };
		D01ECF321ABE5B6A00C64317 /* Me_Switch_slider_segmentedcontrolsampleTests.m */ = {isa = PBXFileReference; lastKnownFileType = sourcecode.c.objc; path = Me_Switch_slider_segmentedcontrolsampleTests.m; sourceTree = "<group>"; };
/* End PBXFileReference section */

/* Begin PBXFrameworksBuildPhase section */
		D01ECF101ABE5B6A00C64317 /* Frameworks */ = {
			isa = PBXFrameworksBuildPhase;
			buildActionMask = 2147483647;
			files = (
			);
			runOnlyForDeploymentPostprocessing = 0;
		};
		D01ECF291ABE5B6A00C64317 /* Frameworks */ = {
			isa = PBXFrameworksBuildPhase;
			buildActionMask = 2147483647;
			files = (
			);
			runOnlyForDeploymentPostprocessing = 0;
		};
/* End PBXFrameworksBuildPhase section */

/* Begin PBXGroup section */
		D01ECF0A1ABE5B6A00C64317 = {
			isa = PBXGroup;
			children = (
				D01ECF151ABE5B6A00C64317 /* Me_Switch_slider_segmentedcontrolsample */,
				D01ECF2F1ABE5B6A00C64317 /* Me_Switch_slider_segmentedcontrolsampleTests */,
				D01ECF141ABE5B6A00C64317 /* Products */,
			);
			sourceTree = "<group>";
		};
		D01ECF141ABE5B6A00C64317 /* Products */ = {
			isa = PBXGroup;
			children = (
				D01ECF131ABE5B6A00C64317 /* Me_Switch_slider_segmentedcontrolsample.app */,
				D01ECF2C1ABE5B6A00C64317 /* Me_Switch_slider_segmentedcontrolsampleTests.xctest */,
			);
			name = Products;
			sourceTree = "<group>";
		};
		D01ECF151ABE5B6A00C64317 /* Me_Switch_slider_segmentedcontrolsample */ = {
			isa = PBXGroup;
			children = (
				D01ECF1A1ABE5B6A00C64317 /* AppDelegate.h */,
				D01ECF1B1ABE5B6A00C64317 /* AppDelegate.m */,
				D01ECF1D1ABE5B6A00C64317 /* ViewController.h */,
				D01ECF1E1ABE5B6A00C64317 /* ViewController.m */,
				D01ECF201ABE5B6A00C64317 /* Main.storyboard */,
				D01ECF231ABE5B6A00C64317 /* Images.xcassets */,
				D01ECF251ABE5B6A00C64317 /* LaunchScreen.xib */,
				D01ECF161ABE5B6A00C64317 /* Supporting Files */,
			);
			path = Me_Switch_slider_segmentedcontrolsample;
			sourceTree = "<group>";
		};
		D01ECF161ABE5B6A00C64317 /* Supporting Files */ = {
			isa = PBXGroup;
			children = (
				D01ECF171ABE5B6A00C64317 /* Info.plist */,
				D01ECF181ABE5B6A00C64317 /* main.m */,
			);
			name = "Supporting Files";
			sourceTree = "<group>";
		};
		D01ECF2F1ABE5B6A00C64317 /* Me_Switch_slider_segmentedcontrolsampleTests */ = {
			isa = PBXGroup;
			children = (
				D01ECF321ABE5B6A00C64317 /* Me_Switch_slider_segmentedcontrolsampleTests.m */,
				D01ECF301ABE5B6A00C64317 /* Supporting Files */,
			);
			path = Me_Switch_slider_segmentedcontrolsampleTests;
			sourceTree = "<group>";
		};
		D01ECF301ABE5B6A00C64317 /* Supporting Files */ = {
			isa = PBXGroup;
			children = (
				D01ECF311ABE5B6A00C64317 /* Info.plist */,
			);
			name = "Supporting Files";
			sourceTree = "<group>";
		};
/* End PBXGroup section */

/* Begin PBXNativeTarget section */
		D01ECF121ABE5B6A00C64317 /* Me_Switch_slider_segmentedcontrolsample */ = {
			isa = PBXNativeTarget;
			buildConfigurationList = D01ECF361ABE5B6A00C64317 /* Build configuration list for PBXNativeTarget "Me_Switch_slider_segmentedcontrolsample" */;
			buildPhases = (
				D01ECF0F1ABE5B6A00C64317 /* Sources */,
				D01ECF101ABE5B6A00C64317 /* Frameworks */,
				D01ECF111ABE5B6A00C64317 /* Resources */,
			);
			buildRules = (
			);
			dependencies = (
			);
			name = Me_Switch_slider_segmentedcontrolsample;
			productName = Me_Switch_slider_segmentedcontrolsample;
			productReference = D01ECF131ABE5B6A00C64317 /* Me_Switch_slider_segmentedcontrolsample.app */;
			productType = "com.apple.product-type.application";
		};
		D01ECF2B1ABE5B6A00C64317 /* Me_Switch_slider_segmentedcontrolsampleTests */ = {
			isa = PBXNativeTarget;
			buildConfigurationList = D01ECF391ABE5B6A00C64317 /* Build configuration list for PBXNativeTarget "Me_Switch_slider_segmentedcontrolsampleTests" */;
			buildPhases = (
				D01ECF281ABE5B6A00C64317 /* Sources */,
				D01ECF291ABE5B6A00C64317 /* Frameworks */,
				D01ECF2A1ABE5B6A00C64317 /* Resources */,
			);
			buildRules = (
			);
			dependencies = (
				D01ECF2E1ABE5B6A00C64317 /* PBXTargetDependency */,
			);
			name = Me_Switch_slider_segmentedcontrolsampleTests;
			productName = Me_Switch_slider_segmentedcontrolsampleTests;
			productReference = D01ECF2C1ABE5B6A00C64317 /* Me_Switch_slider_segmentedcontrolsampleTests.xctest */;
			productType = "com.apple.product-type.bundle.unit-test";
		};
/* End PBXNativeTarget section */

/* Begin PBXProject section */
		D01ECF0B1ABE5B6A00C64317 /* Project object */ = {
			isa = PBXProject;
			attributes = {
				LastUpgradeCheck = 0610;
				ORGANIZATIONNAME = home;
				TargetAttributes = {
					D01ECF121ABE5B6A00C64317 = {
						CreatedOnToolsVersion = 6.1;
					};
					D01ECF2B1ABE5B6A00C64317 = {
						CreatedOnToolsVersion = 6.1;
						TestTargetID = D01ECF121ABE5B6A00C64317;
					};
				};
			};
			buildConfigurationList = D01ECF0E1ABE5B6A00C64317 /* Build configuration list for PBXProject "Me_Switch_slider_segmentedcontrolsample" */;
			compatibilityVersion = "Xcode 3.2";
			developmentRegion = English;
			hasScannedForEncodings = 0;
			knownRegions = (
				en,
				Base,
			);
			mainGroup = D01ECF0A1ABE5B6A00C64317;
			productRefGroup = D01ECF141ABE5B6A00C64317 /* Products */;
			projectDirPath = "";
			projectRoot = "";
			targets = (
				D01ECF121ABE5B6A00C64317 /* Me_Switch_slider_segmentedcontrolsample */,
				D01ECF2B1ABE5B6A00C64317 /* Me_Switch_slider_segmentedcontrolsampleTests */,
			);
		};
/* End PBXProject section */

/* Begin PBXResourcesBuildPhase section */
		D01ECF111ABE5B6A00C64317 /* Resources */ = {
			isa = PBXResourcesBuildPhase;
			buildActionMask = 2147483647;
			files = (
				D01ECF221ABE5B6A00C64317 /* Main.storyboard in Resources */,
				D01ECF271ABE5B6A00C64317 /* LaunchScreen.xib in Resources */,
				D01ECF241ABE5B6A00C64317 /* Images.xcassets in Resources */,
			);
			runOnlyForDeploymentPostprocessing = 0;
		};
		D01ECF2A1ABE5B6A00C64317 /* Resources */ = {
			isa = PBXResourcesBuildPhase;
			buildActionMask = 2147483647;
			files = (
			);
			runOnlyForDeploymentPostprocessing = 0;
		};
/* End PBXResourcesBuildPhase section */

/* Begin PBXSourcesBuildPhase section */
		D01ECF0F1ABE5B6A00C64317 /* Sources */ = {
			isa = PBXSourcesBuildPhase;
			buildActionMask = 2147483647;
			files = (
				D01ECF1F1ABE5B6A00C64317 /* ViewController.m in Sources */,
				D01ECF1C1ABE5B6A00C64317 /* AppDelegate.m in Sources */,
				D01ECF191ABE5B6A00C64317 /* main.m in Sources */,
			);
			runOnlyForDeploymentPostprocessing = 0;
		};
		D01ECF281ABE5B6A00C64317 /* Sources */ = {
			isa = PBXSourcesBuildPhase;
			buildActionMask = 2147483647;
			files = (
				D01ECF331ABE5B6A00C64317 /* Me_Switch_slider_segmentedcontrolsampleTests.m in Sources */,
			);
			runOnlyForDeploymentPostprocessing = 0;
		};
/* End PBXSourcesBuildPhase section */

/* Begin PBXTargetDependency section */
		D01ECF2E1ABE5B6A00C64317 /* PBXTargetDependency */ = {
			isa = PBXTargetDependency;
			target = D01ECF121ABE5B6A00C64317 /* Me_Switch_slider_segmentedcontrolsample */;
			targetProxy = D01ECF2D1ABE5B6A00C64317 /* PBXContainerItemProxy */;
		};
/* End PBXTargetDependency section */

/* Begin PBXVariantGroup section */
		D01ECF201ABE5B6A00C64317 /* Main.storyboard */ = {
			isa = PBXVariantGroup;
			children = (
				D01ECF211ABE5B6A00C64317 /* Base */,
			);
			name = Main.storyboard;
			sourceTree = "<group>";
		};
		D01ECF251ABE5B6A00C64317 /* LaunchScreen.xib */ = {
			isa = PBXVariantGroup;
			children = (
				D01ECF261ABE5B6A00C64317 /* Base */,
			);
			name = LaunchScreen.xib;
			sourceTree = "<group>";
		};
/* End PBXVariantGroup section */

/* Begin XCBuildConfiguration section */
		D01ECF341ABE5B6A00C64317 /* Debug */ = {
			isa = XCBuildConfiguration;
			buildSettings = {
				ALWAYS_SEARCH_USER_PATHS = NO;
				CLANG_CXX_LANGUAGE_STANDARD = "gnu++0x";
				CLANG_CXX_LIBRARY = "libc++";
				CLANG_ENABLE_MODULES = YES;
				CLANG_ENABLE_OBJC_ARC = YES;
				CLANG_WARN_BOOL_CONVERSION = YES;
				CLANG_WARN_CONSTANT_CONVERSION = YES;
				CLANG_WARN_DIRECT_OBJC_ISA_USAGE = YES_ERROR;
				CLANG_WARN_EMPTY_BODY = YES;
				CLANG_WARN_ENUM_CONVERSION = YES;
				CLANG_WARN_INT_CONVERSION = YES;
				CLANG_WARN_OBJC_ROOT_CLASS = YES_ERROR;
				CLANG_WARN_UNREACHABLE_CODE = YES;
				CLANG_WARN__DUPLICATE_METHOD_MATCH = YES;
				"CODE_SIGN_IDENTITY[sdk=iphoneos*]" = "iPhone Developer";
				COPY_PHASE_STRIP = NO;
				ENABLE_STRICT_OBJC_MSGSEND = YES;
				GCC_C_LANGUAGE_STANDARD = gnu99;
				GCC_DYNAMIC_NO_PIC = NO;
				GCC_OPTIMIZATION_LEVEL = 0;
				GCC_PREPROCESSOR_DEFINITIONS = (
					"DEBUG=1",
					"$(inherited)",
				);
				GCC_SYMBOLS_PRIVATE_EXTERN = NO;
				GCC_WARN_64_TO_32_BIT_CONVERSION = YES;
				GCC_WARN_ABOUT_RETURN_TYPE = YES_ERROR;
				GCC_WARN_UNDECLARED_SELECTOR = YES;
				GCC_WARN_UNINITIALIZED_AUTOS = YES_AGGRESSIVE;
				GCC_WARN_UNUSED_FUNCTION = YES;
				GCC_WARN_UNUSED_VARIABLE = YES;
				IPHONEOS_DEPLOYMENT_TARGET = 8.1;
				MTL_ENABLE_DEBUG_INFO = YES;
				ONLY_ACTIVE_ARCH = YES;
				SDKROOT = iphoneos;
			};
			name = Debug;
		};
		D01ECF351ABE5B6A00C64317 /* Release */ = {
			isa = XCBuildConfiguration;
			buildSettings = {
				ALWAYS_SEARCH_USER_PATHS = NO;
				CLANG_CXX_LANGUAGE_STANDARD = "gnu++0x";
				CLANG_CXX_LIBRARY = "libc++";
				CLANG_ENABLE_MODULES = YES;
				CLANG_ENABLE_OBJC_ARC = YES;
				CLANG_WARN_BOOL_CONVERSION = YES;
				CLANG_WARN_CONSTANT_CONVERSION = YES;
				CLANG_WARN_DIRECT_OBJC_ISA_USAGE = YES_ERROR;
				CLANG_WARN_EMPTY_BODY = YES;
				CLANG_WARN_ENUM_CONVERSION = YES;
				CLANG_WARN_INT_CONVERSION = YES;
				CLANG_WARN_OBJC_ROOT_CLASS = YES_ERROR;
				CLANG_WARN_UNREACHABLE_CODE = YES;
				CLANG_WARN__DUPLICATE_METHOD_MATCH = YES;
				"CODE_SIGN_IDENTITY[sdk=iphoneos*]" = "iPhone Developer";
				COPY_PHASE_STRIP = YES;
				ENABLE_NS_ASSERTIONS = NO;
				ENABLE_STRICT_OBJC_MSGSEND = YES;
				GCC_C_LANGUAGE_STANDARD = gnu99;
				GCC_WARN_64_TO_32_BIT_CONVERSION = YES;
				GCC_WARN_ABOUT_RETURN_TYPE = YES_ERROR;
				GCC_WARN_UNDECLARED_SELECTOR = YES;
				GCC_WARN_UNINITIALIZED_AUTOS = YES_AGGRESSIVE;
				GCC_WARN_UNUSED_FUNCTION = YES;
				GCC_WARN_UNUSED_VARIABLE = YES;
				IPHONEOS_DEPLOYMENT_TARGET = 8.1;
				MTL_ENABLE_DEBUG_INFO = NO;
				SDKROOT = iphoneos;
				VALIDATE_PRODUCT = YES;
			};
			name = Release;
		};
		D01ECF371ABE5B6A00C64317 /* Debug */ = {
			isa = XCBuildConfiguration;
			buildSettings = {
				ASSETCATALOG_COMPILER_APPICON_NAME = AppIcon;
				INFOPLIST_FILE = Me_Switch_slider_segmentedcontrolsample/Info.plist;
				LD_RUNPATH_SEARCH_PATHS = "$(inherited) @executable_path/Frameworks";
				PRODUCT_NAME = "$(TARGET_NAME)";
			};
			name = Debug;
		};
		D01ECF381ABE5B6A00C64317 /* Release */ = {
			isa = XCBuildConfiguration;
			buildSettings = {
				ASSETCATALOG_COMPILER_APPICON_NAME = AppIcon;
				INFOPLIST_FILE = Me_Switch_slider_segmentedcontrolsample/Info.plist;
				LD_RUNPATH_SEARCH_PATHS = "$(inherited) @executable_path/Frameworks";
				PRODUCT_NAME = "$(TARGET_NAME)";
			};
			name = Release;
		};
		D01ECF3A1ABE5B6A00C64317 /* Debug */ = {
			isa = XCBuildConfiguration;
			buildSettings = {
				BUNDLE_LOADER = "$(TEST_HOST)";
				FRAMEWORK_SEARCH_PATHS = (
					"$(SDKROOT)/Developer/Library/Frameworks",
					"$(inherited)",
				);
				GCC_PREPROCESSOR_DEFINITIONS = (
					"DEBUG=1",
					"$(inherited)",
				);
				INFOPLIST_FILE = Me_Switch_slider_segmentedcontrolsampleTests/Info.plist;
				LD_RUNPATH_SEARCH_PATHS = "$(inherited) @executable_path/Frameworks @loader_path/Frameworks";
				PRODUCT_NAME = "$(TARGET_NAME)";
				TEST_HOST = "$(BUILT_PRODUCTS_DIR)/Me_Switch_slider_segmentedcontrolsample.app/Me_Switch_slider_segmentedcontrolsample";
			};
			name = Debug;
		};
		D01ECF3B1ABE5B6A00C64317 /* Release */ = {
			isa = XCBuildConfiguration;
			buildSettings = {
				BUNDLE_LOADER = "$(TEST_HOST)";
				FRAMEWORK_SEARCH_PATHS = (
					"$(SDKROOT)/Developer/Library/Frameworks",
					"$(inherited)",
				);
				INFOPLIST_FILE = Me_Switch_slider_segmentedcontrolsampleTests/Info.plist;
				LD_RUNPATH_SEARCH_PATHS = "$(inherited) @executable_path/Frameworks @loader_path/Frameworks";
				PRODUCT_NAME = "$(TARGET_NAME)";
				TEST_HOST = "$(BUILT_PRODUCTS_DIR)/Me_Switch_slider_segmentedcontrolsample.app/Me_Switch_slider_segmentedcontrolsample";
			};
			name = Release;
		};
/* End XCBuildConfiguration section */

/* Begin XCConfigurationList section */
		D01ECF0E1ABE5B6A00C64317 /* Build configuration list for PBXProject "Me_Switch_slider_segmentedcontrolsample" */ = {
			isa = XCConfigurationList;
			buildConfigurations = (
				D01ECF341ABE5B6A00C64317 /* Debug */,
				D01ECF351ABE5B6A00C64317 /* Release */,
			);
			defaultConfigurationIsVisible = 0;
			defaultConfigurationName = Release;
		};
		D01ECF361ABE5B6A00C64317 /* Build configuration list for PBXNativeTarget "Me_Switch_slider_segmentedcontrolsample" */ = {
			isa = XCConfigurationList;
			buildConfigurations = (
				D01ECF371ABE5B6A00C64317 /* Debug */,
				D01ECF381ABE5B6A00C64317 /* Release */,
			);
			defaultConfigurationIsVisible = 0;
		};
		D01ECF391ABE5B6A00C64317 /* Build configuration list for PBXNativeTarget "Me_Switch_slider_segmentedcontrolsampleTests" */ = {
			isa = XCConfigurationList;
			buildConfigurations = (
				D01ECF3A1ABE5B6A00C64317 /* Debug */,
				D01ECF3B1ABE5B6A00C64317 /* Release */,
			);
			defaultConfigurationIsVisible = 0;
		};
/* End XCConfigurationList section */
	};
	rootObject = D01ECF0B1ABE5B6A00C64317 /* Project object */;
}
